// !$*UTF8*$!
{
	archiveVersion = 1;
	classes = {
	};
	objectVersion = 55;
	objects = {

/* Begin PBXBuildFile section */
		5269F11C2AB1BCA4003FEAE3 /* AppDelegate.swift in Sources */ = {isa = PBXBuildFile; fileRef = 5269F11B2AB1BCA4003FEAE3 /* AppDelegate.swift */; };
		5269F11E2AB1BCA4003FEAE3 /* SceneDelegate.swift in Sources */ = {isa = PBXBuildFile; fileRef = 5269F11D2AB1BCA4003FEAE3 /* SceneDelegate.swift */; };
		5269F1202AB1BCA4003FEAE3 /* HomeViewController.swift in Sources */ = {isa = PBXBuildFile; fileRef = 5269F11F2AB1BCA4003FEAE3 /* HomeViewController.swift */; };
		5269F1232AB1BCA4003FEAE3 /* Main.storyboard in Resources */ = {isa = PBXBuildFile; fileRef = 5269F1212AB1BCA4003FEAE3 /* Main.storyboard */; };
		5269F1252AB1BCA7003FEAE3 /* Assets.xcassets in Resources */ = {isa = PBXBuildFile; fileRef = 5269F1242AB1BCA7003FEAE3 /* Assets.xcassets */; };
		5269F1282AB1BCA7003FEAE3 /* LaunchScreen.storyboard in Resources */ = {isa = PBXBuildFile; fileRef = 5269F1262AB1BCA7003FEAE3 /* LaunchScreen.storyboard */; };
		5269F1332AB1BCA7003FEAE3 /* MovieAppTests.swift in Sources */ = {isa = PBXBuildFile; fileRef = 5269F1322AB1BCA7003FEAE3 /* MovieAppTests.swift */; };
		5269F13D2AB1BCA7003FEAE3 /* MovieAppUITests.swift in Sources */ = {isa = PBXBuildFile; fileRef = 5269F13C2AB1BCA7003FEAE3 /* MovieAppUITests.swift */; };
		5269F13F2AB1BCA7003FEAE3 /* MovieAppUITestsLaunchTests.swift in Sources */ = {isa = PBXBuildFile; fileRef = 5269F13E2AB1BCA7003FEAE3 /* MovieAppUITestsLaunchTests.swift */; };
		5269F1502AB2A61F003FEAE3 /* Movie.swift in Sources */ = {isa = PBXBuildFile; fileRef = 5269F14F2AB2A61F003FEAE3 /* Movie.swift */; };
		5269F1522AB2A632003FEAE3 /* Youtube.swift in Sources */ = {isa = PBXBuildFile; fileRef = 5269F1512AB2A632003FEAE3 /* Youtube.swift */; };
		5269F1542AB2A688003FEAE3 /* UpcomingViewController.swift in Sources */ = {isa = PBXBuildFile; fileRef = 5269F1532AB2A688003FEAE3 /* UpcomingViewController.swift */; };
		5269F1562AB2A6CB003FEAE3 /* SearchViewController.swift in Sources */ = {isa = PBXBuildFile; fileRef = 5269F1552AB2A6CB003FEAE3 /* SearchViewController.swift */; };
		5269F1582AB2A6DD003FEAE3 /* FavouriteViewController.swift in Sources */ = {isa = PBXBuildFile; fileRef = 5269F1572AB2A6DD003FEAE3 /* FavouriteViewController.swift */; };
		5269F15A2AB2A724003FEAE3 /* DownloadViewController.swift in Sources */ = {isa = PBXBuildFile; fileRef = 5269F1592AB2A724003FEAE3 /* DownloadViewController.swift */; };
		5269F15C2AB2D97E003FEAE3 /* TabBarController.swift in Sources */ = {isa = PBXBuildFile; fileRef = 5269F15B2AB2D97E003FEAE3 /* TabBarController.swift */; };
		5269F1A92AB2EA30003FEAE3 /* Constant.swift in Sources */ = {isa = PBXBuildFile; fileRef = 5269F1A82AB2EA30003FEAE3 /* Constant.swift */; };
/* End PBXBuildFile section */

/* Begin PBXContainerItemProxy section */
		5269F12F2AB1BCA7003FEAE3 /* PBXContainerItemProxy */ = {
			isa = PBXContainerItemProxy;
			containerPortal = 5269F1102AB1BCA4003FEAE3 /* Project object */;
			proxyType = 1;
			remoteGlobalIDString = 5269F1172AB1BCA4003FEAE3;
			remoteInfo = MovieApp;
		};
		5269F1392AB1BCA7003FEAE3 /* PBXContainerItemProxy */ = {
			isa = PBXContainerItemProxy;
			containerPortal = 5269F1102AB1BCA4003FEAE3 /* Project object */;
			proxyType = 1;
			remoteGlobalIDString = 5269F1172AB1BCA4003FEAE3;
			remoteInfo = MovieApp;
		};
/* End PBXContainerItemProxy section */

/* Begin PBXFileReference section */
		5269F1182AB1BCA4003FEAE3 /* MovieApp.app */ = {isa = PBXFileReference; explicitFileType = wrapper.application; includeInIndex = 0; path = MovieApp.app; sourceTree = BUILT_PRODUCTS_DIR; };
		5269F11B2AB1BCA4003FEAE3 /* AppDelegate.swift */ = {isa = PBXFileReference; lastKnownFileType = sourcecode.swift; path = AppDelegate.swift; sourceTree = "<group>"; };
		5269F11D2AB1BCA4003FEAE3 /* SceneDelegate.swift */ = {isa = PBXFileReference; lastKnownFileType = sourcecode.swift; path = SceneDelegate.swift; sourceTree = "<group>"; };
		5269F11F2AB1BCA4003FEAE3 /* HomeViewController.swift */ = {isa = PBXFileReference; lastKnownFileType = sourcecode.swift; path = HomeViewController.swift; sourceTree = "<group>"; };
		5269F1222AB1BCA4003FEAE3 /* Base */ = {isa = PBXFileReference; lastKnownFileType = file.storyboard; name = Base; path = Base.lproj/Main.storyboard; sourceTree = "<group>"; };
		5269F1242AB1BCA7003FEAE3 /* Assets.xcassets */ = {isa = PBXFileReference; lastKnownFileType = folder.assetcatalog; path = Assets.xcassets; sourceTree = "<group>"; };
		5269F1272AB1BCA7003FEAE3 /* Base */ = {isa = PBXFileReference; lastKnownFileType = file.storyboard; name = Base; path = Base.lproj/LaunchScreen.storyboard; sourceTree = "<group>"; };
		5269F1292AB1BCA7003FEAE3 /* Info.plist */ = {isa = PBXFileReference; lastKnownFileType = text.plist.xml; path = Info.plist; sourceTree = "<group>"; };
		5269F12E2AB1BCA7003FEAE3 /* MovieAppTests.xctest */ = {isa = PBXFileReference; explicitFileType = wrapper.cfbundle; includeInIndex = 0; path = MovieAppTests.xctest; sourceTree = BUILT_PRODUCTS_DIR; };
		5269F1322AB1BCA7003FEAE3 /* MovieAppTests.swift */ = {isa = PBXFileReference; lastKnownFileType = sourcecode.swift; path = MovieAppTests.swift; sourceTree = "<group>"; };
		5269F1382AB1BCA7003FEAE3 /* MovieAppUITests.xctest */ = {isa = PBXFileReference; explicitFileType = wrapper.cfbundle; includeInIndex = 0; path = MovieAppUITests.xctest; sourceTree = BUILT_PRODUCTS_DIR; };
		5269F13C2AB1BCA7003FEAE3 /* MovieAppUITests.swift */ = {isa = PBXFileReference; lastKnownFileType = sourcecode.swift; path = MovieAppUITests.swift; sourceTree = "<group>"; };
		5269F13E2AB1BCA7003FEAE3 /* MovieAppUITestsLaunchTests.swift */ = {isa = PBXFileReference; lastKnownFileType = sourcecode.swift; path = MovieAppUITestsLaunchTests.swift; sourceTree = "<group>"; };
		5269F14F2AB2A61F003FEAE3 /* Movie.swift */ = {isa = PBXFileReference; lastKnownFileType = sourcecode.swift; path = Movie.swift; sourceTree = "<group>"; };
		5269F1512AB2A632003FEAE3 /* Youtube.swift */ = {isa = PBXFileReference; lastKnownFileType = sourcecode.swift; path = Youtube.swift; sourceTree = "<group>"; };
		5269F1532AB2A688003FEAE3 /* UpcomingViewController.swift */ = {isa = PBXFileReference; lastKnownFileType = sourcecode.swift; path = UpcomingViewController.swift; sourceTree = "<group>"; };
		5269F1552AB2A6CB003FEAE3 /* SearchViewController.swift */ = {isa = PBXFileReference; lastKnownFileType = sourcecode.swift; path = SearchViewController.swift; sourceTree = "<group>"; };
		5269F1572AB2A6DD003FEAE3 /* FavouriteViewController.swift */ = {isa = PBXFileReference; lastKnownFileType = sourcecode.swift; path = FavouriteViewController.swift; sourceTree = "<group>"; };
		5269F1592AB2A724003FEAE3 /* DownloadViewController.swift */ = {isa = PBXFileReference; lastKnownFileType = sourcecode.swift; path = DownloadViewController.swift; sourceTree = "<group>"; };
		5269F15B2AB2D97E003FEAE3 /* TabBarController.swift */ = {isa = PBXFileReference; lastKnownFileType = sourcecode.swift; path = TabBarController.swift; sourceTree = "<group>"; };
		5269F1A82AB2EA30003FEAE3 /* Constant.swift */ = {isa = PBXFileReference; lastKnownFileType = sourcecode.swift; path = Constant.swift; sourceTree = "<group>"; };
/* End PBXFileReference section */

/* Begin PBXFrameworksBuildPhase section */
		5269F1152AB1BCA4003FEAE3 /* Frameworks */ = {
			isa = PBXFrameworksBuildPhase;
			buildActionMask = 2147483647;
			files = (
			);
			runOnlyForDeploymentPostprocessing = 0;
		};
		5269F12B2AB1BCA7003FEAE3 /* Frameworks */ = {
			isa = PBXFrameworksBuildPhase;
			buildActionMask = 2147483647;
			files = (
			);
			runOnlyForDeploymentPostprocessing = 0;
		};
		5269F1352AB1BCA7003FEAE3 /* Frameworks */ = {
			isa = PBXFrameworksBuildPhase;
			buildActionMask = 2147483647;
			files = (
			);
			runOnlyForDeploymentPostprocessing = 0;
		};
/* End PBXFrameworksBuildPhase section */

/* Begin PBXGroup section */
		5269F10F2AB1BCA4003FEAE3 = {
			isa = PBXGroup;
			children = (
				5269F11A2AB1BCA4003FEAE3 /* MovieApp */,
				5269F1312AB1BCA7003FEAE3 /* MovieAppTests */,
				5269F13B2AB1BCA7003FEAE3 /* MovieAppUITests */,
				5269F1192AB1BCA4003FEAE3 /* Products */,
			);
			sourceTree = "<group>";
		};
		5269F1192AB1BCA4003FEAE3 /* Products */ = {
			isa = PBXGroup;
			children = (
				5269F1182AB1BCA4003FEAE3 /* MovieApp.app */,
				5269F12E2AB1BCA7003FEAE3 /* MovieAppTests.xctest */,
				5269F1382AB1BCA7003FEAE3 /* MovieAppUITests.xctest */,
			);
			name = Products;
			sourceTree = "<group>";
		};
		5269F11A2AB1BCA4003FEAE3 /* MovieApp */ = {
			isa = PBXGroup;
			children = (
				5269F14E2AB2A584003FEAE3 /* Controller */,
				5269F14D2AB2A57D003FEAE3 /* View */,
				5269F14C2AB2A571003FEAE3 /* Model */,
				5269F11B2AB1BCA4003FEAE3 /* AppDelegate.swift */,
				5269F11D2AB1BCA4003FEAE3 /* SceneDelegate.swift */,
				5269F1242AB1BCA7003FEAE3 /* Assets.xcassets */,
				5269F1262AB1BCA7003FEAE3 /* LaunchScreen.storyboard */,
				5269F1292AB1BCA7003FEAE3 /* Info.plist */,
				5269F1A82AB2EA30003FEAE3 /* Constant.swift */,
			);
			path = MovieApp;
			sourceTree = "<group>";
		};
		5269F1312AB1BCA7003FEAE3 /* MovieAppTests */ = {
			isa = PBXGroup;
			children = (
				5269F1322AB1BCA7003FEAE3 /* MovieAppTests.swift */,
			);
			path = MovieAppTests;
			sourceTree = "<group>";
		};
		5269F13B2AB1BCA7003FEAE3 /* MovieAppUITests */ = {
			isa = PBXGroup;
			children = (
				5269F13C2AB1BCA7003FEAE3 /* MovieAppUITests.swift */,
				5269F13E2AB1BCA7003FEAE3 /* MovieAppUITestsLaunchTests.swift */,
			);
			path = MovieAppUITests;
			sourceTree = "<group>";
		};
		5269F14C2AB2A571003FEAE3 /* Model */ = {
			isa = PBXGroup;
			children = (
				5269F14F2AB2A61F003FEAE3 /* Movie.swift */,
				5269F1512AB2A632003FEAE3 /* Youtube.swift */,
			);
			path = Model;
			sourceTree = "<group>";
		};
		5269F14D2AB2A57D003FEAE3 /* View */ = {
			isa = PBXGroup;
			children = (
				5269F1212AB1BCA4003FEAE3 /* Main.storyboard */,
			);
			path = View;
			sourceTree = "<group>";
		};
		5269F14E2AB2A584003FEAE3 /* Controller */ = {
			isa = PBXGroup;
			children = (
				5269F11F2AB1BCA4003FEAE3 /* HomeViewController.swift */,
				5269F1532AB2A688003FEAE3 /* UpcomingViewController.swift */,
				5269F1552AB2A6CB003FEAE3 /* SearchViewController.swift */,
				5269F1572AB2A6DD003FEAE3 /* FavouriteViewController.swift */,
				5269F1592AB2A724003FEAE3 /* DownloadViewController.swift */,
				5269F15B2AB2D97E003FEAE3 /* TabBarController.swift */,
			);
			path = Controller;
			sourceTree = "<group>";
		};
/* End PBXGroup section */

/* Begin PBXNativeTarget section */
		5269F1172AB1BCA4003FEAE3 /* MovieApp */ = {
			isa = PBXNativeTarget;
			buildConfigurationList = 5269F1422AB1BCA7003FEAE3 /* Build configuration list for PBXNativeTarget "MovieApp" */;
			buildPhases = (
				5269F1142AB1BCA4003FEAE3 /* Sources */,
				5269F1152AB1BCA4003FEAE3 /* Frameworks */,
				5269F1162AB1BCA4003FEAE3 /* Resources */,
				5269F14B2AB1BCEB003FEAE3 /* ShellScript */,
			);
			buildRules = (
			);
			dependencies = (
			);
			name = MovieApp;
			productName = MovieApp;
			productReference = 5269F1182AB1BCA4003FEAE3 /* MovieApp.app */;
			productType = "com.apple.product-type.application";
		};
		5269F12D2AB1BCA7003FEAE3 /* MovieAppTests */ = {
			isa = PBXNativeTarget;
			buildConfigurationList = 5269F1452AB1BCA7003FEAE3 /* Build configuration list for PBXNativeTarget "MovieAppTests" */;
			buildPhases = (
				5269F12A2AB1BCA7003FEAE3 /* Sources */,
				5269F12B2AB1BCA7003FEAE3 /* Frameworks */,
				5269F12C2AB1BCA7003FEAE3 /* Resources */,
			);
			buildRules = (
			);
			dependencies = (
				5269F1302AB1BCA7003FEAE3 /* PBXTargetDependency */,
			);
			name = MovieAppTests;
			productName = MovieAppTests;
			productReference = 5269F12E2AB1BCA7003FEAE3 /* MovieAppTests.xctest */;
			productType = "com.apple.product-type.bundle.unit-test";
		};
		5269F1372AB1BCA7003FEAE3 /* MovieAppUITests */ = {
			isa = PBXNativeTarget;
			buildConfigurationList = 5269F1482AB1BCA7003FEAE3 /* Build configuration list for PBXNativeTarget "MovieAppUITests" */;
			buildPhases = (
				5269F1342AB1BCA7003FEAE3 /* Sources */,
				5269F1352AB1BCA7003FEAE3 /* Frameworks */,
				5269F1362AB1BCA7003FEAE3 /* Resources */,
			);
			buildRules = (
			);
			dependencies = (
				5269F13A2AB1BCA7003FEAE3 /* PBXTargetDependency */,
			);
			name = MovieAppUITests;
			productName = MovieAppUITests;
			productReference = 5269F1382AB1BCA7003FEAE3 /* MovieAppUITests.xctest */;
			productType = "com.apple.product-type.bundle.ui-testing";
		};
/* End PBXNativeTarget section */

/* Begin PBXProject section */
		5269F1102AB1BCA4003FEAE3 /* Project object */ = {
			isa = PBXProject;
			attributes = {
				BuildIndependentTargetsInParallel = 1;
				LastSwiftUpdateCheck = 1340;
				LastUpgradeCheck = 1340;
				TargetAttributes = {
					5269F1172AB1BCA4003FEAE3 = {
						CreatedOnToolsVersion = 13.4;
					};
					5269F12D2AB1BCA7003FEAE3 = {
						CreatedOnToolsVersion = 13.4;
						TestTargetID = 5269F1172AB1BCA4003FEAE3;
					};
					5269F1372AB1BCA7003FEAE3 = {
						CreatedOnToolsVersion = 13.4;
						TestTargetID = 5269F1172AB1BCA4003FEAE3;
					};
				};
			};
			buildConfigurationList = 5269F1132AB1BCA4003FEAE3 /* Build configuration list for PBXProject "MovieApp" */;
			compatibilityVersion = "Xcode 13.0";
			developmentRegion = en;
			hasScannedForEncodings = 0;
			knownRegions = (
				en,
				Base,
			);
			mainGroup = 5269F10F2AB1BCA4003FEAE3;
			productRefGroup = 5269F1192AB1BCA4003FEAE3 /* Products */;
			projectDirPath = "";
			projectRoot = "";
			targets = (
				5269F1172AB1BCA4003FEAE3 /* MovieApp */,
				5269F12D2AB1BCA7003FEAE3 /* MovieAppTests */,
				5269F1372AB1BCA7003FEAE3 /* MovieAppUITests */,
			);
		};
/* End PBXProject section */

/* Begin PBXResourcesBuildPhase section */
		5269F1162AB1BCA4003FEAE3 /* Resources */ = {
			isa = PBXResourcesBuildPhase;
			buildActionMask = 2147483647;
			files = (
				5269F1282AB1BCA7003FEAE3 /* LaunchScreen.storyboard in Resources */,
				5269F1252AB1BCA7003FEAE3 /* Assets.xcassets in Resources */,
				5269F1232AB1BCA4003FEAE3 /* Main.storyboard in Resources */,
			);
			runOnlyForDeploymentPostprocessing = 0;
		};
		5269F12C2AB1BCA7003FEAE3 /* Resources */ = {
			isa = PBXResourcesBuildPhase;
			buildActionMask = 2147483647;
			files = (
			);
			runOnlyForDeploymentPostprocessing = 0;
		};
		5269F1362AB1BCA7003FEAE3 /* Resources */ = {
			isa = PBXResourcesBuildPhase;
			buildActionMask = 2147483647;
			files = (
			);
			runOnlyForDeploymentPostprocessing = 0;
		};
/* End PBXResourcesBuildPhase section */

/* Begin PBXShellScriptBuildPhase section */
		5269F14B2AB1BCEB003FEAE3 /* ShellScript */ = {
			isa = PBXShellScriptBuildPhase;
			buildActionMask = 2147483647;
			files = (
			);
			inputFileListPaths = (
			);
			inputPaths = (
			);
			outputFileListPaths = (
			);
			outputPaths = (
			);
			runOnlyForDeploymentPostprocessing = 0;
			shellPath = /bin/sh;
			shellScript = "if which swiftlint >/dev/null; then\n  swiftlint\nelse\n  echo \"warning: SwiftLint not installed, download from https://github.com/realm/SwiftLint\"\nfi\n";
		};
/* End PBXShellScriptBuildPhase section */

/* Begin PBXSourcesBuildPhase section */
		5269F1142AB1BCA4003FEAE3 /* Sources */ = {
			isa = PBXSourcesBuildPhase;
			buildActionMask = 2147483647;
			files = (
				5269F1542AB2A688003FEAE3 /* UpcomingViewController.swift in Sources */,
				5269F1562AB2A6CB003FEAE3 /* SearchViewController.swift in Sources */,
				5269F1202AB1BCA4003FEAE3 /* HomeViewController.swift in Sources */,
				5269F15C2AB2D97E003FEAE3 /* TabBarController.swift in Sources */,
				5269F11C2AB1BCA4003FEAE3 /* AppDelegate.swift in Sources */,
				5269F15A2AB2A724003FEAE3 /* DownloadViewController.swift in Sources */,
				5269F1582AB2A6DD003FEAE3 /* FavouriteViewController.swift in Sources */,
				5269F1522AB2A632003FEAE3 /* Youtube.swift in Sources */,
				5269F1A92AB2EA30003FEAE3 /* Constant.swift in Sources */,
				5269F1502AB2A61F003FEAE3 /* Movie.swift in Sources */,
				5269F11E2AB1BCA4003FEAE3 /* SceneDelegate.swift in Sources */,
			);
			runOnlyForDeploymentPostprocessing = 0;
		};
		5269F12A2AB1BCA7003FEAE3 /* Sources */ = {
			isa = PBXSourcesBuildPhase;
			buildActionMask = 2147483647;
			files = (
				5269F1332AB1BCA7003FEAE3 /* MovieAppTests.swift in Sources */,
			);
			runOnlyForDeploymentPostprocessing = 0;
		};
		5269F1342AB1BCA7003FEAE3 /* Sources */ = {
			isa = PBXSourcesBuildPhase;
			buildActionMask = 2147483647;
			files = (
				5269F13F2AB1BCA7003FEAE3 /* MovieAppUITestsLaunchTests.swift in Sources */,
				5269F13D2AB1BCA7003FEAE3 /* MovieAppUITests.swift in Sources */,
			);
			runOnlyForDeploymentPostprocessing = 0;
		};
/* End PBXSourcesBuildPhase section */

/* Begin PBXTargetDependency section */
		5269F1302AB1BCA7003FEAE3 /* PBXTargetDependency */ = {
			isa = PBXTargetDependency;
			target = 5269F1172AB1BCA4003FEAE3 /* MovieApp */;
			targetProxy = 5269F12F2AB1BCA7003FEAE3 /* PBXContainerItemProxy */;
		};
		5269F13A2AB1BCA7003FEAE3 /* PBXTargetDependency */ = {
			isa = PBXTargetDependency;
			target = 5269F1172AB1BCA4003FEAE3 /* MovieApp */;
			targetProxy = 5269F1392AB1BCA7003FEAE3 /* PBXContainerItemProxy */;
		};
/* End PBXTargetDependency section */

/* Begin PBXVariantGroup section */
		5269F1212AB1BCA4003FEAE3 /* Main.storyboard */ = {
			isa = PBXVariantGroup;
			children = (
				5269F1222AB1BCA4003FEAE3 /* Base */,
			);
			name = Main.storyboard;
			sourceTree = "<group>";
		};
		5269F1262AB1BCA7003FEAE3 /* LaunchScreen.storyboard */ = {
			isa = PBXVariantGroup;
			children = (
				5269F1272AB1BCA7003FEAE3 /* Base */,
			);
			name = LaunchScreen.storyboard;
			sourceTree = "<group>";
		};
/* End PBXVariantGroup section */

/* Begin XCBuildConfiguration section */
		5269F1402AB1BCA7003FEAE3 /* Debug */ = {
			isa = XCBuildConfiguration;
			buildSettings = {
				ALWAYS_SEARCH_USER_PATHS = NO;
				CLANG_ANALYZER_NONNULL = YES;
				CLANG_ANALYZER_NUMBER_OBJECT_CONVERSION = YES_AGGRESSIVE;
				CLANG_CXX_LANGUAGE_STANDARD = "gnu++17";
				CLANG_ENABLE_MODULES = YES;
				CLANG_ENABLE_OBJC_ARC = YES;
				CLANG_ENABLE_OBJC_WEAK = YES;
				CLANG_WARN_BLOCK_CAPTURE_AUTORELEASING = YES;
				CLANG_WARN_BOOL_CONVERSION = YES;
				CLANG_WARN_COMMA = YES;
				CLANG_WARN_CONSTANT_CONVERSION = YES;
				CLANG_WARN_DEPRECATED_OBJC_IMPLEMENTATIONS = YES;
				CLANG_WARN_DIRECT_OBJC_ISA_USAGE = YES_ERROR;
				CLANG_WARN_DOCUMENTATION_COMMENTS = YES;
				CLANG_WARN_EMPTY_BODY = YES;
				CLANG_WARN_ENUM_CONVERSION = YES;
				CLANG_WARN_INFINITE_RECURSION = YES;
				CLANG_WARN_INT_CONVERSION = YES;
				CLANG_WARN_NON_LITERAL_NULL_CONVERSION = YES;
				CLANG_WARN_OBJC_IMPLICIT_RETAIN_SELF = YES;
				CLANG_WARN_OBJC_LITERAL_CONVERSION = YES;
				CLANG_WARN_OBJC_ROOT_CLASS = YES_ERROR;
				CLANG_WARN_QUOTED_INCLUDE_IN_FRAMEWORK_HEADER = YES;
				CLANG_WARN_RANGE_LOOP_ANALYSIS = YES;
				CLANG_WARN_STRICT_PROTOTYPES = YES;
				CLANG_WARN_SUSPICIOUS_MOVE = YES;
				CLANG_WARN_UNGUARDED_AVAILABILITY = YES_AGGRESSIVE;
				CLANG_WARN_UNREACHABLE_CODE = YES;
				CLANG_WARN__DUPLICATE_METHOD_MATCH = YES;
				COPY_PHASE_STRIP = NO;
				DEBUG_INFORMATION_FORMAT = dwarf;
				ENABLE_STRICT_OBJC_MSGSEND = YES;
				ENABLE_TESTABILITY = YES;
				GCC_C_LANGUAGE_STANDARD = gnu11;
				GCC_DYNAMIC_NO_PIC = NO;
				GCC_NO_COMMON_BLOCKS = YES;
				GCC_OPTIMIZATION_LEVEL = 0;
				GCC_PREPROCESSOR_DEFINITIONS = (
					"DEBUG=1",
					"$(inherited)",
				);
				GCC_WARN_64_TO_32_BIT_CONVERSION = YES;
				GCC_WARN_ABOUT_RETURN_TYPE = YES_ERROR;
				GCC_WARN_UNDECLARED_SELECTOR = YES;
				GCC_WARN_UNINITIALIZED_AUTOS = YES_AGGRESSIVE;
				GCC_WARN_UNUSED_FUNCTION = YES;
				GCC_WARN_UNUSED_VARIABLE = YES;
				IPHONEOS_DEPLOYMENT_TARGET = 15.5;
				MTL_ENABLE_DEBUG_INFO = INCLUDE_SOURCE;
				MTL_FAST_MATH = YES;
				ONLY_ACTIVE_ARCH = YES;
				SDKROOT = iphoneos;
				SWIFT_ACTIVE_COMPILATION_CONDITIONS = DEBUG;
				SWIFT_OPTIMIZATION_LEVEL = "-Onone";
			};
			name = Debug;
		};
		5269F1412AB1BCA7003FEAE3 /* Release */ = {
			isa = XCBuildConfiguration;
			buildSettings = {
				ALWAYS_SEARCH_USER_PATHS = NO;
				CLANG_ANALYZER_NONNULL = YES;
				CLANG_ANALYZER_NUMBER_OBJECT_CONVERSION = YES_AGGRESSIVE;
				CLANG_CXX_LANGUAGE_STANDARD = "gnu++17";
				CLANG_ENABLE_MODULES = YES;
				CLANG_ENABLE_OBJC_ARC = YES;
				CLANG_ENABLE_OBJC_WEAK = YES;
				CLANG_WARN_BLOCK_CAPTURE_AUTORELEASING = YES;
				CLANG_WARN_BOOL_CONVERSION = YES;
				CLANG_WARN_COMMA = YES;
				CLANG_WARN_CONSTANT_CONVERSION = YES;
				CLANG_WARN_DEPRECATED_OBJC_IMPLEMENTATIONS = YES;
				CLANG_WARN_DIRECT_OBJC_ISA_USAGE = YES_ERROR;
				CLANG_WARN_DOCUMENTATION_COMMENTS = YES;
				CLANG_WARN_EMPTY_BODY = YES;
				CLANG_WARN_ENUM_CONVERSION = YES;
				CLANG_WARN_INFINITE_RECURSION = YES;
				CLANG_WARN_INT_CONVERSION = YES;
				CLANG_WARN_NON_LITERAL_NULL_CONVERSION = YES;
				CLANG_WARN_OBJC_IMPLICIT_RETAIN_SELF = YES;
				CLANG_WARN_OBJC_LITERAL_CONVERSION = YES;
				CLANG_WARN_OBJC_ROOT_CLASS = YES_ERROR;
				CLANG_WARN_QUOTED_INCLUDE_IN_FRAMEWORK_HEADER = YES;
				CLANG_WARN_RANGE_LOOP_ANALYSIS = YES;
				CLANG_WARN_STRICT_PROTOTYPES = YES;
				CLANG_WARN_SUSPICIOUS_MOVE = YES;
				CLANG_WARN_UNGUARDED_AVAILABILITY = YES_AGGRESSIVE;
				CLANG_WARN_UNREACHABLE_CODE = YES;
				CLANG_WARN__DUPLICATE_METHOD_MATCH = YES;
				COPY_PHASE_STRIP = NO;
				DEBUG_INFORMATION_FORMAT = "dwarf-with-dsym";
				ENABLE_NS_ASSERTIONS = NO;
				ENABLE_STRICT_OBJC_MSGSEND = YES;
				GCC_C_LANGUAGE_STANDARD = gnu11;
				GCC_NO_COMMON_BLOCKS = YES;
				GCC_WARN_64_TO_32_BIT_CONVERSION = YES;
				GCC_WARN_ABOUT_RETURN_TYPE = YES_ERROR;
				GCC_WARN_UNDECLARED_SELECTOR = YES;
				GCC_WARN_UNINITIALIZED_AUTOS = YES_AGGRESSIVE;
				GCC_WARN_UNUSED_FUNCTION = YES;
				GCC_WARN_UNUSED_VARIABLE = YES;
				IPHONEOS_DEPLOYMENT_TARGET = 15.5;
				MTL_ENABLE_DEBUG_INFO = NO;
				MTL_FAST_MATH = YES;
				SDKROOT = iphoneos;
				SWIFT_COMPILATION_MODE = wholemodule;
				SWIFT_OPTIMIZATION_LEVEL = "-O";
				VALIDATE_PRODUCT = YES;
			};
			name = Release;
		};
		5269F1432AB1BCA7003FEAE3 /* Debug */ = {
			isa = XCBuildConfiguration;
			buildSettings = {
				ASSETCATALOG_COMPILER_APPICON_NAME = AppIcon;
				ASSETCATALOG_COMPILER_GLOBAL_ACCENT_COLOR_NAME = AccentColor;
				CODE_SIGN_STYLE = Automatic;
				CURRENT_PROJECT_VERSION = 1;
				GENERATE_INFOPLIST_FILE = YES;
				INFOPLIST_FILE = MovieApp/Info.plist;
				INFOPLIST_KEY_UIApplicationSupportsIndirectInputEvents = YES;
				INFOPLIST_KEY_UILaunchStoryboardName = LaunchScreen;
				INFOPLIST_KEY_UIMainStoryboardFile = Main;
				INFOPLIST_KEY_UISupportedInterfaceOrientations_iPad = "UIInterfaceOrientationPortrait UIInterfaceOrientationPortraitUpsideDown UIInterfaceOrientationLandscapeLeft UIInterfaceOrientationLandscapeRight";
				INFOPLIST_KEY_UISupportedInterfaceOrientations_iPhone = "UIInterfaceOrientationPortrait UIInterfaceOrientationLandscapeLeft UIInterfaceOrientationLandscapeRight";
				LD_RUNPATH_SEARCH_PATHS = (
					"$(inherited)",
					"@executable_path/Frameworks",
				);
				MARKETING_VERSION = 1.0;
				PRODUCT_BUNDLE_IDENTIFIER = No.MovieApp;
				PRODUCT_NAME = "$(TARGET_NAME)";
				SWIFT_EMIT_LOC_STRINGS = YES;
				SWIFT_VERSION = 5.0;
				TARGETED_DEVICE_FAMILY = "1,2";
			};
			name = Debug;
		};
		5269F1442AB1BCA7003FEAE3 /* Release */ = {
			isa = XCBuildConfiguration;
			buildSettings = {
				ASSETCATALOG_COMPILER_APPICON_NAME = AppIcon;
				ASSETCATALOG_COMPILER_GLOBAL_ACCENT_COLOR_NAME = AccentColor;
				CODE_SIGN_STYLE = Automatic;
				CURRENT_PROJECT_VERSION = 1;
				GENERATE_INFOPLIST_FILE = YES;
				INFOPLIST_FILE = MovieApp/Info.plist;
				INFOPLIST_KEY_UIApplicationSupportsIndirectInputEvents = YES;
				INFOPLIST_KEY_UILaunchStoryboardName = LaunchScreen;
				INFOPLIST_KEY_UIMainStoryboardFile = Main;
				INFOPLIST_KEY_UISupportedInterfaceOrientations_iPad = "UIInterfaceOrientationPortrait UIInterfaceOrientationPortraitUpsideDown UIInterfaceOrientationLandscapeLeft UIInterfaceOrientationLandscapeRight";
				INFOPLIST_KEY_UISupportedInterfaceOrientations_iPhone = "UIInterfaceOrientationPortrait UIInterfaceOrientationLandscapeLeft UIInterfaceOrientationLandscapeRight";
				LD_RUNPATH_SEARCH_PATHS = (
					"$(inherited)",
					"@executable_path/Frameworks",
				);
				MARKETING_VERSION = 1.0;
				PRODUCT_BUNDLE_IDENTIFIER = No.MovieApp;
				PRODUCT_NAME = "$(TARGET_NAME)";
				SWIFT_EMIT_LOC_STRINGS = YES;
				SWIFT_VERSION = 5.0;
				TARGETED_DEVICE_FAMILY = "1,2";
			};
			name = Release;
		};
		5269F1462AB1BCA7003FEAE3 /* Debug */ = {
			isa = XCBuildConfiguration;
			buildSettings = {
				ALWAYS_EMBED_SWIFT_STANDARD_LIBRARIES = YES;
				BUNDLE_LOADER = "$(TEST_HOST)";
				CODE_SIGN_STYLE = Automatic;
				CURRENT_PROJECT_VERSION = 1;
				GENERATE_INFOPLIST_FILE = YES;
				IPHONEOS_DEPLOYMENT_TARGET = 15.5;
				MARKETING_VERSION = 1.0;
				PRODUCT_BUNDLE_IDENTIFIER = No.MovieAppTests;
				PRODUCT_NAME = "$(TARGET_NAME)";
				SWIFT_EMIT_LOC_STRINGS = NO;
				SWIFT_VERSION = 5.0;
				TARGETED_DEVICE_FAMILY = "1,2";
				TEST_HOST = "$(BUILT_PRODUCTS_DIR)/MovieApp.app/MovieApp";
			};
			name = Debug;
		};
		5269F1472AB1BCA7003FEAE3 /* Release */ = {
			isa = XCBuildConfiguration;
			buildSettings = {
				ALWAYS_EMBED_SWIFT_STANDARD_LIBRARIES = YES;
				BUNDLE_LOADER = "$(TEST_HOST)";
				CODE_SIGN_STYLE = Automatic;
				CURRENT_PROJECT_VERSION = 1;
				GENERATE_INFOPLIST_FILE = YES;
				IPHONEOS_DEPLOYMENT_TARGET = 15.5;
				MARKETING_VERSION = 1.0;
				PRODUCT_BUNDLE_IDENTIFIER = No.MovieAppTests;
				PRODUCT_NAME = "$(TARGET_NAME)";
				SWIFT_EMIT_LOC_STRINGS = NO;
				SWIFT_VERSION = 5.0;
				TARGETED_DEVICE_FAMILY = "1,2";
				TEST_HOST = "$(BUILT_PRODUCTS_DIR)/MovieApp.app/MovieApp";
			};
			name = Release;
		};
		5269F1492AB1BCA7003FEAE3 /* Debug */ = {
			isa = XCBuildConfiguration;
			buildSettings = {
				ALWAYS_EMBED_SWIFT_STANDARD_LIBRARIES = YES;
				CODE_SIGN_STYLE = Automatic;
				CURRENT_PROJECT_VERSION = 1;
				GENERATE_INFOPLIST_FILE = YES;
				MARKETING_VERSION = 1.0;
				PRODUCT_BUNDLE_IDENTIFIER = No.MovieAppUITests;
				PRODUCT_NAME = "$(TARGET_NAME)";
				SWIFT_EMIT_LOC_STRINGS = NO;
				SWIFT_VERSION = 5.0;
				TARGETED_DEVICE_FAMILY = "1,2";
				TEST_TARGET_NAME = MovieApp;
			};
			name = Debug;
		};
		5269F14A2AB1BCA7003FEAE3 /* Release */ = {
			isa = XCBuildConfiguration;
			buildSettings = {
				ALWAYS_EMBED_SWIFT_STANDARD_LIBRARIES = YES;
				CODE_SIGN_STYLE = Automatic;
				CURRENT_PROJECT_VERSION = 1;
				GENERATE_INFOPLIST_FILE = YES;
				MARKETING_VERSION = 1.0;
				PRODUCT_BUNDLE_IDENTIFIER = No.MovieAppUITests;
				PRODUCT_NAME = "$(TARGET_NAME)";
				SWIFT_EMIT_LOC_STRINGS = NO;
				SWIFT_VERSION = 5.0;
				TARGETED_DEVICE_FAMILY = "1,2";
				TEST_TARGET_NAME = MovieApp;
			};
			name = Release;
		};
/* End XCBuildConfiguration section */

/* Begin XCConfigurationList section */
		5269F1132AB1BCA4003FEAE3 /* Build configuration list for PBXProject "MovieApp" */ = {
			isa = XCConfigurationList;
			buildConfigurations = (
				5269F1402AB1BCA7003FEAE3 /* Debug */,
				5269F1412AB1BCA7003FEAE3 /* Release */,
			);
			defaultConfigurationIsVisible = 0;
			defaultConfigurationName = Release;
		};
		5269F1422AB1BCA7003FEAE3 /* Build configuration list for PBXNativeTarget "MovieApp" */ = {
			isa = XCConfigurationList;
			buildConfigurations = (
				5269F1432AB1BCA7003FEAE3 /* Debug */,
				5269F1442AB1BCA7003FEAE3 /* Release */,
			);
			defaultConfigurationIsVisible = 0;
			defaultConfigurationName = Release;
		};
		5269F1452AB1BCA7003FEAE3 /* Build configuration list for PBXNativeTarget "MovieAppTests" */ = {
			isa = XCConfigurationList;
			buildConfigurations = (
				5269F1462AB1BCA7003FEAE3 /* Debug */,
				5269F1472AB1BCA7003FEAE3 /* Release */,
			);
			defaultConfigurationIsVisible = 0;
			defaultConfigurationName = Release;
		};
		5269F1482AB1BCA7003FEAE3 /* Build configuration list for PBXNativeTarget "MovieAppUITests" */ = {
			isa = XCConfigurationList;
			buildConfigurations = (
				5269F1492AB1BCA7003FEAE3 /* Debug */,
				5269F14A2AB1BCA7003FEAE3 /* Release */,
			);
			defaultConfigurationIsVisible = 0;
			defaultConfigurationName = Release;
		};
/* End XCConfigurationList section */
	};
	rootObject = 5269F1102AB1BCA4003FEAE3 /* Project object */;
}
