// !$*UTF8*$!
{
	archiveVersion = 1;
	classes = {
	};
	objectVersion = 55;
	objects = {

/* Begin PBXBuildFile section */
		524B905E2ABC2FD50058EAAA /* SearchViewController.swift in Sources */ = {isa = PBXBuildFile; fileRef = 524B905C2ABC2FD50058EAAA /* SearchViewController.swift */; };
		524B905F2ABC2FD50058EAAA /* SearchViewController.xib in Resources */ = {isa = PBXBuildFile; fileRef = 524B905D2ABC2FD50058EAAA /* SearchViewController.xib */; };
		524B90632ABC30F70058EAAA /* SearchCell.swift in Sources */ = {isa = PBXBuildFile; fileRef = 524B90612ABC30F70058EAAA /* SearchCell.swift */; };
		524B90642ABC30F70058EAAA /* SearchCell.xib in Resources */ = {isa = PBXBuildFile; fileRef = 524B90622ABC30F70058EAAA /* SearchCell.xib */; };
		52650F0C2AB7F85300402501 /* ApiCaller.swift in Sources */ = {isa = PBXBuildFile; fileRef = 52650F0B2AB7F85300402501 /* ApiCaller.swift */; };
		52650F112AB7F8EB00402501 /* Constant.swift in Sources */ = {isa = PBXBuildFile; fileRef = 52650F102AB7F8EB00402501 /* Constant.swift */; };
		52650F142AB7F9CC00402501 /* SectionCell.swift in Sources */ = {isa = PBXBuildFile; fileRef = 52650F132AB7F9CC00402501 /* SectionCell.swift */; };
		52650F162AB7FACA00402501 /* MovieCell.swift in Sources */ = {isa = PBXBuildFile; fileRef = 52650F152AB7FACA00402501 /* MovieCell.swift */; };
		52650F182AB7FB6900402501 /* Utils.swift in Sources */ = {isa = PBXBuildFile; fileRef = 52650F172AB7FB6900402501 /* Utils.swift */; };
		52650F242AB848D200402501 /* UIViewController.swift in Sources */ = {isa = PBXBuildFile; fileRef = 52650F232AB848D200402501 /* UIViewController.swift */; };
		52650F362AB97B4000402501 /* UIView.swift in Sources */ = {isa = PBXBuildFile; fileRef = 52650F352AB97B4000402501 /* UIView.swift */; };
		52650F7F2ABA7A0600402501 /* DetailViewController.swift in Sources */ = {isa = PBXBuildFile; fileRef = 52650F7E2ABA7A0600402501 /* DetailViewController.swift */; };
		52650F832ABA979D00402501 /* TVShow.swift in Sources */ = {isa = PBXBuildFile; fileRef = 52650F822ABA979D00402501 /* TVShow.swift */; };
		52650F872ABAD3BE00402501 /* HomeViewController.xib in Resources */ = {isa = PBXBuildFile; fileRef = 52650F862ABAD3BE00402501 /* HomeViewController.xib */; };
		52650F892ABAD43C00402501 /* HeaderCell.xib in Resources */ = {isa = PBXBuildFile; fileRef = 52650F882ABAD43C00402501 /* HeaderCell.xib */; };
		52650F912ABAE3D000402501 /* HeaderView.swift in Sources */ = {isa = PBXBuildFile; fileRef = 52650F902ABAE3D000402501 /* HeaderView.swift */; };
		52650F942ABAFB9400402501 /* UpcomingViewController.xib in Resources */ = {isa = PBXBuildFile; fileRef = 52650F932ABAFB9400402501 /* UpcomingViewController.xib */; };
		52650F962ABAFC1300402501 /* UpcomingViewController.swift in Sources */ = {isa = PBXBuildFile; fileRef = 52650F952ABAFC1300402501 /* UpcomingViewController.swift */; };
		52650F9E2ABBC9C800402501 /* ComingSoonCell.swift in Sources */ = {isa = PBXBuildFile; fileRef = 52650F9C2ABBC9C800402501 /* ComingSoonCell.swift */; };
		52650F9F2ABBC9C800402501 /* ComingSoonCell.xib in Resources */ = {isa = PBXBuildFile; fileRef = 52650F9D2ABBC9C800402501 /* ComingSoonCell.xib */; };
		5269F11C2AB1BCA4003FEAE3 /* AppDelegate.swift in Sources */ = {isa = PBXBuildFile; fileRef = 5269F11B2AB1BCA4003FEAE3 /* AppDelegate.swift */; };
		5269F11E2AB1BCA4003FEAE3 /* SceneDelegate.swift in Sources */ = {isa = PBXBuildFile; fileRef = 5269F11D2AB1BCA4003FEAE3 /* SceneDelegate.swift */; };
		5269F1202AB1BCA4003FEAE3 /* HomeViewController.swift in Sources */ = {isa = PBXBuildFile; fileRef = 5269F11F2AB1BCA4003FEAE3 /* HomeViewController.swift */; };
		5269F1232AB1BCA4003FEAE3 /* Main.storyboard in Resources */ = {isa = PBXBuildFile; fileRef = 5269F1212AB1BCA4003FEAE3 /* Main.storyboard */; };
		5269F1252AB1BCA7003FEAE3 /* Assets.xcassets in Resources */ = {isa = PBXBuildFile; fileRef = 5269F1242AB1BCA7003FEAE3 /* Assets.xcassets */; };
		5269F1282AB1BCA7003FEAE3 /* LaunchScreen.storyboard in Resources */ = {isa = PBXBuildFile; fileRef = 5269F1262AB1BCA7003FEAE3 /* LaunchScreen.storyboard */; };
		5269F13D2AB1BCA7003FEAE3 /* MovieAppUITests.swift in Sources */ = {isa = PBXBuildFile; fileRef = 5269F13C2AB1BCA7003FEAE3 /* MovieAppUITests.swift */; };
		5269F13F2AB1BCA7003FEAE3 /* MovieAppUITestsLaunchTests.swift in Sources */ = {isa = PBXBuildFile; fileRef = 5269F13E2AB1BCA7003FEAE3 /* MovieAppUITestsLaunchTests.swift */; };
		5269F1502AB2A61F003FEAE3 /* Movie.swift in Sources */ = {isa = PBXBuildFile; fileRef = 5269F14F2AB2A61F003FEAE3 /* Movie.swift */; };
		5269F1522AB2A632003FEAE3 /* Youtube.swift in Sources */ = {isa = PBXBuildFile; fileRef = 5269F1512AB2A632003FEAE3 /* Youtube.swift */; };
		5269F1582AB2A6DD003FEAE3 /* FavouriteViewController.swift in Sources */ = {isa = PBXBuildFile; fileRef = 5269F1572AB2A6DD003FEAE3 /* FavouriteViewController.swift */; };
		5269F15C2AB2D97E003FEAE3 /* TabBarController.swift in Sources */ = {isa = PBXBuildFile; fileRef = 5269F15B2AB2D97E003FEAE3 /* TabBarController.swift */; };
		5269F1AD2AB2F7C0003FEAE3 /* EndPoint.swift in Sources */ = {isa = PBXBuildFile; fileRef = 5269F1AC2AB2F7C0003FEAE3 /* EndPoint.swift */; };
		5269F1AF2AB2F7D6003FEAE3 /* Key.swift in Sources */ = {isa = PBXBuildFile; fileRef = 5269F1AE2AB2F7D6003FEAE3 /* Key.swift */; };
		52B330B42AC141F400343F2C /* ActorCollectionViewCell.swift in Sources */ = {isa = PBXBuildFile; fileRef = 52B330B22AC141F400343F2C /* ActorCollectionViewCell.swift */; };
		52B330B52AC141F400343F2C /* ActorCollectionViewCell.xib in Resources */ = {isa = PBXBuildFile; fileRef = 52B330B32AC141F400343F2C /* ActorCollectionViewCell.xib */; };
		52B330BA2AC1435200343F2C /* ActorViewCell.swift in Sources */ = {isa = PBXBuildFile; fileRef = 52B330B82AC1435200343F2C /* ActorViewCell.swift */; };
		52B330BB2AC1435200343F2C /* ActorViewCell.xib in Resources */ = {isa = PBXBuildFile; fileRef = 52B330B92AC1435200343F2C /* ActorViewCell.xib */; };
		52B330BD2AC16A0600343F2C /* Actor.swift in Sources */ = {isa = PBXBuildFile; fileRef = 52B330BC2AC16A0600343F2C /* Actor.swift */; };
		52B330C02AC2A0CB00343F2C /* FavouriteViewController.xib in Resources */ = {isa = PBXBuildFile; fileRef = 52B330BF2AC2A0CB00343F2C /* FavouriteViewController.xib */; };
		52B330C42AC2A12F00343F2C /* FavouriteCell.swift in Sources */ = {isa = PBXBuildFile; fileRef = 52B330C22AC2A12F00343F2C /* FavouriteCell.swift */; };
		52B330C52AC2A12F00343F2C /* FavouriteCell.xib in Resources */ = {isa = PBXBuildFile; fileRef = 52B330C32AC2A12F00343F2C /* FavouriteCell.xib */; };
		52B330CB2AC2A52C00343F2C /* CoreDataRepository.swift in Sources */ = {isa = PBXBuildFile; fileRef = 52B330CA2AC2A52C00343F2C /* CoreDataRepository.swift */; };
		52B8D5E12ABD2F95003F5A5F /* SearchResultsViewController.swift in Sources */ = {isa = PBXBuildFile; fileRef = 52B8D5E02ABD2F95003F5A5F /* SearchResultsViewController.swift */; };
		52C5E5942AC2B96D0007C7A9 /* MovieLocal.xcdatamodeld in Sources */ = {isa = PBXBuildFile; fileRef = 52C5E5922AC2B96D0007C7A9 /* MovieLocal.xcdatamodeld */; };
		52C5E59F2AC50E540007C7A9 /* HomeViewControllerTest.swift in Sources */ = {isa = PBXBuildFile; fileRef = 52C5E59E2AC50E540007C7A9 /* HomeViewControllerTest.swift */; };
		52C5E5A12AC5156E0007C7A9 /* UpcomingViewControllerTest.swift in Sources */ = {isa = PBXBuildFile; fileRef = 52C5E5A02AC5156E0007C7A9 /* UpcomingViewControllerTest.swift */; };
		52C5E5A32AC5199B0007C7A9 /* FavouriteViewControllerTest.swift in Sources */ = {isa = PBXBuildFile; fileRef = 52C5E5A22AC5199B0007C7A9 /* FavouriteViewControllerTest.swift */; };
		52C5E5A52AC519B30007C7A9 /* DetailViewControllerTest.swift in Sources */ = {isa = PBXBuildFile; fileRef = 52C5E5A42AC519B30007C7A9 /* DetailViewControllerTest.swift */; };
		52CAA29B2AC112AE00AFBEE6 /* DetailViewController.xib in Resources */ = {isa = PBXBuildFile; fileRef = 52CAA29A2AC112AE00AFBEE6 /* DetailViewController.xib */; };
		52CAA29F2AC1134B00AFBEE6 /* ItemBannerTableViewCell.swift in Sources */ = {isa = PBXBuildFile; fileRef = 52CAA29D2AC1134B00AFBEE6 /* ItemBannerTableViewCell.swift */; };
		52CAA2A02AC1134B00AFBEE6 /* ItemBannerTableViewCell.xib in Resources */ = {isa = PBXBuildFile; fileRef = 52CAA29E2AC1134B00AFBEE6 /* ItemBannerTableViewCell.xib */; };
		52CAA2B52AC1239800AFBEE6 /* InteractiveTableViewCell.swift in Sources */ = {isa = PBXBuildFile; fileRef = 52CAA2B32AC1239800AFBEE6 /* InteractiveTableViewCell.swift */; };
		52CAA2B62AC1239800AFBEE6 /* InteractiveTableViewCell.xib in Resources */ = {isa = PBXBuildFile; fileRef = 52CAA2B42AC1239800AFBEE6 /* InteractiveTableViewCell.xib */; };
/* End PBXBuildFile section */

/* Begin PBXContainerItemProxy section */
		5269F12F2AB1BCA7003FEAE3 /* PBXContainerItemProxy */ = {
			isa = PBXContainerItemProxy;
			containerPortal = 5269F1102AB1BCA4003FEAE3 /* Project object */;
			proxyType = 1;
			remoteGlobalIDString = 5269F1172AB1BCA4003FEAE3;
			remoteInfo = MovieApp;
		};
		5269F1392AB1BCA7003FEAE3 /* PBXContainerItemProxy */ = {
			isa = PBXContainerItemProxy;
			containerPortal = 5269F1102AB1BCA4003FEAE3 /* Project object */;
			proxyType = 1;
			remoteGlobalIDString = 5269F1172AB1BCA4003FEAE3;
			remoteInfo = MovieApp;
		};
/* End PBXContainerItemProxy section */

/* Begin PBXFileReference section */
		524B905C2ABC2FD50058EAAA /* SearchViewController.swift */ = {isa = PBXFileReference; lastKnownFileType = sourcecode.swift; path = SearchViewController.swift; sourceTree = "<group>"; };
		524B905D2ABC2FD50058EAAA /* SearchViewController.xib */ = {isa = PBXFileReference; lastKnownFileType = file.xib; path = SearchViewController.xib; sourceTree = "<group>"; };
		524B90612ABC30F70058EAAA /* SearchCell.swift */ = {isa = PBXFileReference; lastKnownFileType = sourcecode.swift; path = SearchCell.swift; sourceTree = "<group>"; };
		524B90622ABC30F70058EAAA /* SearchCell.xib */ = {isa = PBXFileReference; lastKnownFileType = file.xib; path = SearchCell.xib; sourceTree = "<group>"; };
		52650F0B2AB7F85300402501 /* ApiCaller.swift */ = {isa = PBXFileReference; lastKnownFileType = sourcecode.swift; path = ApiCaller.swift; sourceTree = "<group>"; };
		52650F102AB7F8EB00402501 /* Constant.swift */ = {isa = PBXFileReference; lastKnownFileType = sourcecode.swift; path = Constant.swift; sourceTree = "<group>"; };
		52650F132AB7F9CC00402501 /* SectionCell.swift */ = {isa = PBXFileReference; lastKnownFileType = sourcecode.swift; path = SectionCell.swift; sourceTree = "<group>"; };
		52650F152AB7FACA00402501 /* MovieCell.swift */ = {isa = PBXFileReference; lastKnownFileType = sourcecode.swift; path = MovieCell.swift; sourceTree = "<group>"; };
		52650F172AB7FB6900402501 /* Utils.swift */ = {isa = PBXFileReference; lastKnownFileType = sourcecode.swift; path = Utils.swift; sourceTree = "<group>"; };
		52650F232AB848D200402501 /* UIViewController.swift */ = {isa = PBXFileReference; lastKnownFileType = sourcecode.swift; path = UIViewController.swift; sourceTree = "<group>"; };
		52650F352AB97B4000402501 /* UIView.swift */ = {isa = PBXFileReference; lastKnownFileType = sourcecode.swift; path = UIView.swift; sourceTree = "<group>"; };
		52650F7E2ABA7A0600402501 /* DetailViewController.swift */ = {isa = PBXFileReference; lastKnownFileType = sourcecode.swift; path = DetailViewController.swift; sourceTree = "<group>"; };
		52650F822ABA979D00402501 /* TVShow.swift */ = {isa = PBXFileReference; lastKnownFileType = sourcecode.swift; path = TVShow.swift; sourceTree = "<group>"; };
		52650F862ABAD3BE00402501 /* HomeViewController.xib */ = {isa = PBXFileReference; lastKnownFileType = file.xib; path = HomeViewController.xib; sourceTree = "<group>"; };
		52650F882ABAD43C00402501 /* HeaderCell.xib */ = {isa = PBXFileReference; lastKnownFileType = file.xib; path = HeaderCell.xib; sourceTree = "<group>"; };
		52650F902ABAE3D000402501 /* HeaderView.swift */ = {isa = PBXFileReference; lastKnownFileType = sourcecode.swift; path = HeaderView.swift; sourceTree = "<group>"; };
		52650F932ABAFB9400402501 /* UpcomingViewController.xib */ = {isa = PBXFileReference; lastKnownFileType = file.xib; path = UpcomingViewController.xib; sourceTree = "<group>"; };
		52650F952ABAFC1300402501 /* UpcomingViewController.swift */ = {isa = PBXFileReference; lastKnownFileType = sourcecode.swift; path = UpcomingViewController.swift; sourceTree = "<group>"; };
		52650F9C2ABBC9C800402501 /* ComingSoonCell.swift */ = {isa = PBXFileReference; lastKnownFileType = sourcecode.swift; path = ComingSoonCell.swift; sourceTree = "<group>"; };
		52650F9D2ABBC9C800402501 /* ComingSoonCell.xib */ = {isa = PBXFileReference; lastKnownFileType = file.xib; path = ComingSoonCell.xib; sourceTree = "<group>"; };
		5269F1182AB1BCA4003FEAE3 /* MovieApp.app */ = {isa = PBXFileReference; explicitFileType = wrapper.application; includeInIndex = 0; path = MovieApp.app; sourceTree = BUILT_PRODUCTS_DIR; };
		5269F11B2AB1BCA4003FEAE3 /* AppDelegate.swift */ = {isa = PBXFileReference; lastKnownFileType = sourcecode.swift; path = AppDelegate.swift; sourceTree = "<group>"; };
		5269F11D2AB1BCA4003FEAE3 /* SceneDelegate.swift */ = {isa = PBXFileReference; lastKnownFileType = sourcecode.swift; path = SceneDelegate.swift; sourceTree = "<group>"; };
		5269F11F2AB1BCA4003FEAE3 /* HomeViewController.swift */ = {isa = PBXFileReference; lastKnownFileType = sourcecode.swift; path = HomeViewController.swift; sourceTree = "<group>"; };
		5269F1222AB1BCA4003FEAE3 /* Base */ = {isa = PBXFileReference; lastKnownFileType = file.storyboard; name = Base; path = Base.lproj/Main.storyboard; sourceTree = "<group>"; };
		5269F1242AB1BCA7003FEAE3 /* Assets.xcassets */ = {isa = PBXFileReference; lastKnownFileType = folder.assetcatalog; path = Assets.xcassets; sourceTree = "<group>"; };
		5269F1272AB1BCA7003FEAE3 /* Base */ = {isa = PBXFileReference; lastKnownFileType = file.storyboard; name = Base; path = Base.lproj/LaunchScreen.storyboard; sourceTree = "<group>"; };
		5269F1292AB1BCA7003FEAE3 /* Info.plist */ = {isa = PBXFileReference; lastKnownFileType = text.plist.xml; path = Info.plist; sourceTree = "<group>"; };
		5269F12E2AB1BCA7003FEAE3 /* MovieAppTests.xctest */ = {isa = PBXFileReference; explicitFileType = wrapper.cfbundle; includeInIndex = 0; path = MovieAppTests.xctest; sourceTree = BUILT_PRODUCTS_DIR; };
		5269F1382AB1BCA7003FEAE3 /* MovieAppUITests.xctest */ = {isa = PBXFileReference; explicitFileType = wrapper.cfbundle; includeInIndex = 0; path = MovieAppUITests.xctest; sourceTree = BUILT_PRODUCTS_DIR; };
		5269F13C2AB1BCA7003FEAE3 /* MovieAppUITests.swift */ = {isa = PBXFileReference; lastKnownFileType = sourcecode.swift; path = MovieAppUITests.swift; sourceTree = "<group>"; };
		5269F13E2AB1BCA7003FEAE3 /* MovieAppUITestsLaunchTests.swift */ = {isa = PBXFileReference; lastKnownFileType = sourcecode.swift; path = MovieAppUITestsLaunchTests.swift; sourceTree = "<group>"; };
		5269F14F2AB2A61F003FEAE3 /* Movie.swift */ = {isa = PBXFileReference; lastKnownFileType = sourcecode.swift; path = Movie.swift; sourceTree = "<group>"; };
		5269F1512AB2A632003FEAE3 /* Youtube.swift */ = {isa = PBXFileReference; lastKnownFileType = sourcecode.swift; path = Youtube.swift; sourceTree = "<group>"; };
		5269F1572AB2A6DD003FEAE3 /* FavouriteViewController.swift */ = {isa = PBXFileReference; lastKnownFileType = sourcecode.swift; path = FavouriteViewController.swift; sourceTree = "<group>"; };
		5269F15B2AB2D97E003FEAE3 /* TabBarController.swift */ = {isa = PBXFileReference; lastKnownFileType = sourcecode.swift; path = TabBarController.swift; sourceTree = "<group>"; };
		5269F1AA2AB2F6F1003FEAE3 /* Constant.swift */ = {isa = PBXFileReference; lastKnownFileType = sourcecode.swift; path = Constant.swift; sourceTree = "<group>"; };
		5269F1AC2AB2F7C0003FEAE3 /* EndPoint.swift */ = {isa = PBXFileReference; lastKnownFileType = sourcecode.swift; path = EndPoint.swift; sourceTree = "<group>"; };
		5269F1AE2AB2F7D6003FEAE3 /* Key.swift */ = {isa = PBXFileReference; lastKnownFileType = sourcecode.swift; path = Key.swift; sourceTree = "<group>"; };
		5269F1B62AB2F939003FEAE3 /* ApiCaller.swift */ = {isa = PBXFileReference; lastKnownFileType = sourcecode.swift; path = ApiCaller.swift; sourceTree = "<group>"; };
		52B330B22AC141F400343F2C /* ActorCollectionViewCell.swift */ = {isa = PBXFileReference; lastKnownFileType = sourcecode.swift; path = ActorCollectionViewCell.swift; sourceTree = "<group>"; };
		52B330B32AC141F400343F2C /* ActorCollectionViewCell.xib */ = {isa = PBXFileReference; lastKnownFileType = file.xib; path = ActorCollectionViewCell.xib; sourceTree = "<group>"; };
		52B330B82AC1435200343F2C /* ActorViewCell.swift */ = {isa = PBXFileReference; lastKnownFileType = sourcecode.swift; path = ActorViewCell.swift; sourceTree = "<group>"; };
		52B330B92AC1435200343F2C /* ActorViewCell.xib */ = {isa = PBXFileReference; lastKnownFileType = file.xib; path = ActorViewCell.xib; sourceTree = "<group>"; };
		52B330BC2AC16A0600343F2C /* Actor.swift */ = {isa = PBXFileReference; lastKnownFileType = sourcecode.swift; path = Actor.swift; sourceTree = "<group>"; };
		52B330BF2AC2A0CB00343F2C /* FavouriteViewController.xib */ = {isa = PBXFileReference; lastKnownFileType = file.xib; path = FavouriteViewController.xib; sourceTree = "<group>"; };
		52B330C22AC2A12F00343F2C /* FavouriteCell.swift */ = {isa = PBXFileReference; lastKnownFileType = sourcecode.swift; path = FavouriteCell.swift; sourceTree = "<group>"; };
		52B330C32AC2A12F00343F2C /* FavouriteCell.xib */ = {isa = PBXFileReference; lastKnownFileType = file.xib; path = FavouriteCell.xib; sourceTree = "<group>"; };
		52B330CA2AC2A52C00343F2C /* CoreDataRepository.swift */ = {isa = PBXFileReference; lastKnownFileType = sourcecode.swift; path = CoreDataRepository.swift; sourceTree = "<group>"; };
		52B8D5E02ABD2F95003F5A5F /* SearchResultsViewController.swift */ = {isa = PBXFileReference; lastKnownFileType = sourcecode.swift; path = SearchResultsViewController.swift; sourceTree = "<group>"; };
		52C5E5932AC2B96D0007C7A9 /* MovieLocal.xcdatamodel */ = {isa = PBXFileReference; lastKnownFileType = wrapper.xcdatamodel; path = MovieLocal.xcdatamodel; sourceTree = "<group>"; };
		52C5E59E2AC50E540007C7A9 /* HomeViewControllerTest.swift */ = {isa = PBXFileReference; lastKnownFileType = sourcecode.swift; path = HomeViewControllerTest.swift; sourceTree = "<group>"; };
		52C5E5A02AC5156E0007C7A9 /* UpcomingViewControllerTest.swift */ = {isa = PBXFileReference; lastKnownFileType = sourcecode.swift; path = UpcomingViewControllerTest.swift; sourceTree = "<group>"; };
		52C5E5A22AC5199B0007C7A9 /* FavouriteViewControllerTest.swift */ = {isa = PBXFileReference; lastKnownFileType = sourcecode.swift; path = FavouriteViewControllerTest.swift; sourceTree = "<group>"; };
		52C5E5A42AC519B30007C7A9 /* DetailViewControllerTest.swift */ = {isa = PBXFileReference; lastKnownFileType = sourcecode.swift; path = DetailViewControllerTest.swift; sourceTree = "<group>"; };
		52CAA29A2AC112AE00AFBEE6 /* DetailViewController.xib */ = {isa = PBXFileReference; lastKnownFileType = file.xib; path = DetailViewController.xib; sourceTree = "<group>"; };
		52CAA29D2AC1134B00AFBEE6 /* ItemBannerTableViewCell.swift */ = {isa = PBXFileReference; lastKnownFileType = sourcecode.swift; path = ItemBannerTableViewCell.swift; sourceTree = "<group>"; };
		52CAA29E2AC1134B00AFBEE6 /* ItemBannerTableViewCell.xib */ = {isa = PBXFileReference; lastKnownFileType = file.xib; path = ItemBannerTableViewCell.xib; sourceTree = "<group>"; };
		52CAA2B32AC1239800AFBEE6 /* InteractiveTableViewCell.swift */ = {isa = PBXFileReference; lastKnownFileType = sourcecode.swift; path = InteractiveTableViewCell.swift; sourceTree = "<group>"; };
		52CAA2B42AC1239800AFBEE6 /* InteractiveTableViewCell.xib */ = {isa = PBXFileReference; lastKnownFileType = file.xib; path = InteractiveTableViewCell.xib; sourceTree = "<group>"; };
/* End PBXFileReference section */

/* Begin PBXFrameworksBuildPhase section */
		5269F1152AB1BCA4003FEAE3 /* Frameworks */ = {
			isa = PBXFrameworksBuildPhase;
			buildActionMask = 2147483647;
			files = (
			);
			runOnlyForDeploymentPostprocessing = 0;
		};
		5269F12B2AB1BCA7003FEAE3 /* Frameworks */ = {
			isa = PBXFrameworksBuildPhase;
			buildActionMask = 2147483647;
			files = (
			);
			runOnlyForDeploymentPostprocessing = 0;
		};
		5269F1352AB1BCA7003FEAE3 /* Frameworks */ = {
			isa = PBXFrameworksBuildPhase;
			buildActionMask = 2147483647;
			files = (
			);
			runOnlyForDeploymentPostprocessing = 0;
		};
/* End PBXFrameworksBuildPhase section */

/* Begin PBXGroup section */
		4DC054F17FDDAB3989EA1291 /* Pods */ = {
			isa = PBXGroup;
			children = (
			);
			path = Pods;
			sourceTree = "<group>";
		};
		524B90592ABC2C6C0058EAAA /* Search */ = {
			isa = PBXGroup;
			children = (
				524B905C2ABC2FD50058EAAA /* SearchViewController.swift */,
				524B905D2ABC2FD50058EAAA /* SearchViewController.xib */,
				52B8D5E02ABD2F95003F5A5F /* SearchResultsViewController.swift */,
			);
			path = Search;
			sourceTree = "<group>";
		};
		524B90602ABC30D20058EAAA /* Search */ = {
			isa = PBXGroup;
			children = (
				524B90612ABC30F70058EAAA /* SearchCell.swift */,
				524B90622ABC30F70058EAAA /* SearchCell.xib */,
			);
			path = Search;
			sourceTree = "<group>";
		};
		52650EFC2AB7EB1C00402501 /* Recovered References */ = {
			isa = PBXGroup;
			children = (
				5269F1B62AB2F939003FEAE3 /* ApiCaller.swift */,
				5269F1AA2AB2F6F1003FEAE3 /* Constant.swift */,
			);
			name = "Recovered References";
			sourceTree = "<group>";
		};
		52650F0F2AB7F89B00402501 /* ApiManager */ = {
			isa = PBXGroup;
			children = (
				52650F0B2AB7F85300402501 /* ApiCaller.swift */,
			);
			path = ApiManager;
			sourceTree = "<group>";
		};
		52650F122AB7F99500402501 /* Cell */ = {
			isa = PBXGroup;
			children = (
				52B330C12AC2A10600343F2C /* Favourite */,
				52CAA29C2AC1130300AFBEE6 /* Detail */,
				524B90602ABC30D20058EAAA /* Search */,
				52650F992ABAFF5800402501 /* UpComing */,
				52650F132AB7F9CC00402501 /* SectionCell.swift */,
				52650F152AB7FACA00402501 /* MovieCell.swift */,
			);
			path = Cell;
			sourceTree = "<group>";
		};
		52650F252AB8491A00402501 /* Extension */ = {
			isa = PBXGroup;
			children = (
				52650F232AB848D200402501 /* UIViewController.swift */,
				52650F352AB97B4000402501 /* UIView.swift */,
			);
			path = Extension;
			sourceTree = "<group>";
		};
		52650F342AB94C9C00402501 /* Home */ = {
			isa = PBXGroup;
			children = (
				5269F11F2AB1BCA4003FEAE3 /* HomeViewController.swift */,
				52650F862ABAD3BE00402501 /* HomeViewController.xib */,
			);
			path = Home;
			sourceTree = "<group>";
		};
		52650F922ABAFB7B00402501 /* Upcoming */ = {
			isa = PBXGroup;
			children = (
				52650F932ABAFB9400402501 /* UpcomingViewController.xib */,
				52650F952ABAFC1300402501 /* UpcomingViewController.swift */,
			);
			path = Upcoming;
			sourceTree = "<group>";
		};
		52650F992ABAFF5800402501 /* UpComing */ = {
			isa = PBXGroup;
			children = (
				52650F9C2ABBC9C800402501 /* ComingSoonCell.swift */,
				52650F9D2ABBC9C800402501 /* ComingSoonCell.xib */,
			);
			path = UpComing;
			sourceTree = "<group>";
		};
		5269F10F2AB1BCA4003FEAE3 = {
			isa = PBXGroup;
			children = (
				5269F11A2AB1BCA4003FEAE3 /* MovieApp */,
				5269F1312AB1BCA7003FEAE3 /* MovieAppTests */,
				5269F13B2AB1BCA7003FEAE3 /* MovieAppUITests */,
				5269F1192AB1BCA4003FEAE3 /* Products */,
				52650EFC2AB7EB1C00402501 /* Recovered References */,
				4DC054F17FDDAB3989EA1291 /* Pods */,
			);
			sourceTree = "<group>";
		};
		5269F1192AB1BCA4003FEAE3 /* Products */ = {
			isa = PBXGroup;
			children = (
				5269F1182AB1BCA4003FEAE3 /* MovieApp.app */,
				5269F12E2AB1BCA7003FEAE3 /* MovieAppTests.xctest */,
				5269F1382AB1BCA7003FEAE3 /* MovieAppUITests.xctest */,
			);
			name = Products;
			sourceTree = "<group>";
		};
		5269F11A2AB1BCA4003FEAE3 /* MovieApp */ = {
			isa = PBXGroup;
			children = (
				52B330C92AC2A51900343F2C /* Repository */,
				52650F252AB8491A00402501 /* Extension */,
				52650F122AB7F99500402501 /* Cell */,
				52650F0F2AB7F89B00402501 /* ApiManager */,
				5269F14E2AB2A584003FEAE3 /* Controller */,
				5269F14D2AB2A57D003FEAE3 /* View */,
				5269F14C2AB2A571003FEAE3 /* Model */,
				5269F11B2AB1BCA4003FEAE3 /* AppDelegate.swift */,
				5269F11D2AB1BCA4003FEAE3 /* SceneDelegate.swift */,
				5269F1242AB1BCA7003FEAE3 /* Assets.xcassets */,
				5269F1262AB1BCA7003FEAE3 /* LaunchScreen.storyboard */,
				5269F1292AB1BCA7003FEAE3 /* Info.plist */,
				52650F102AB7F8EB00402501 /* Constant.swift */,
				52650F172AB7FB6900402501 /* Utils.swift */,
			);
			path = MovieApp;
			sourceTree = "<group>";
		};
		5269F1312AB1BCA7003FEAE3 /* MovieAppTests */ = {
			isa = PBXGroup;
			children = (
				52C5E59E2AC50E540007C7A9 /* HomeViewControllerTest.swift */,
				52C5E5A02AC5156E0007C7A9 /* UpcomingViewControllerTest.swift */,
				52C5E5A22AC5199B0007C7A9 /* FavouriteViewControllerTest.swift */,
				52C5E5A42AC519B30007C7A9 /* DetailViewControllerTest.swift */,
			);
			path = MovieAppTests;
			sourceTree = "<group>";
		};
		5269F13B2AB1BCA7003FEAE3 /* MovieAppUITests */ = {
			isa = PBXGroup;
			children = (
				5269F13C2AB1BCA7003FEAE3 /* MovieAppUITests.swift */,
				5269F13E2AB1BCA7003FEAE3 /* MovieAppUITestsLaunchTests.swift */,
			);
			path = MovieAppUITests;
			sourceTree = "<group>";
		};
		5269F14C2AB2A571003FEAE3 /* Model */ = {
			isa = PBXGroup;
			children = (
				5269F14F2AB2A61F003FEAE3 /* Movie.swift */,
				5269F1512AB2A632003FEAE3 /* Youtube.swift */,
				5269F1AC2AB2F7C0003FEAE3 /* EndPoint.swift */,
				5269F1AE2AB2F7D6003FEAE3 /* Key.swift */,
				52650F822ABA979D00402501 /* TVShow.swift */,
				52B330BC2AC16A0600343F2C /* Actor.swift */,
				52C5E5922AC2B96D0007C7A9 /* MovieLocal.xcdatamodeld */,
			);
			path = Model;
			sourceTree = "<group>";
		};
		5269F14D2AB2A57D003FEAE3 /* View */ = {
			isa = PBXGroup;
			children = (
				52650F882ABAD43C00402501 /* HeaderCell.xib */,
				52650F902ABAE3D000402501 /* HeaderView.swift */,
				5269F1212AB1BCA4003FEAE3 /* Main.storyboard */,
			);
			path = View;
			sourceTree = "<group>";
		};
		5269F14E2AB2A584003FEAE3 /* Controller */ = {
			isa = PBXGroup;
			children = (
				52B330BE2AC2A0AB00343F2C /* Favourite */,
				52CAA2992AC1128200AFBEE6 /* Detail */,
				524B90592ABC2C6C0058EAAA /* Search */,
				52650F922ABAFB7B00402501 /* Upcoming */,
				52650F342AB94C9C00402501 /* Home */,
				5269F15B2AB2D97E003FEAE3 /* TabBarController.swift */,
			);
			path = Controller;
			sourceTree = "<group>";
		};
		52B330BE2AC2A0AB00343F2C /* Favourite */ = {
			isa = PBXGroup;
			children = (
				5269F1572AB2A6DD003FEAE3 /* FavouriteViewController.swift */,
				52B330BF2AC2A0CB00343F2C /* FavouriteViewController.xib */,
			);
			path = Favourite;
			sourceTree = "<group>";
		};
		52B330C12AC2A10600343F2C /* Favourite */ = {
			isa = PBXGroup;
			children = (
				52B330C22AC2A12F00343F2C /* FavouriteCell.swift */,
				52B330C32AC2A12F00343F2C /* FavouriteCell.xib */,
			);
			path = Favourite;
			sourceTree = "<group>";
		};
		52B330C92AC2A51900343F2C /* Repository */ = {
			isa = PBXGroup;
			children = (
				52B330CA2AC2A52C00343F2C /* CoreDataRepository.swift */,
			);
			path = Repository;
			sourceTree = "<group>";
		};
		52CAA2992AC1128200AFBEE6 /* Detail */ = {
			isa = PBXGroup;
			children = (
				52650F7E2ABA7A0600402501 /* DetailViewController.swift */,
				52CAA29A2AC112AE00AFBEE6 /* DetailViewController.xib */,
			);
			path = Detail;
			sourceTree = "<group>";
		};
		52CAA29C2AC1130300AFBEE6 /* Detail */ = {
			isa = PBXGroup;
			children = (
				52CAA29D2AC1134B00AFBEE6 /* ItemBannerTableViewCell.swift */,
				52CAA29E2AC1134B00AFBEE6 /* ItemBannerTableViewCell.xib */,
				52CAA2B32AC1239800AFBEE6 /* InteractiveTableViewCell.swift */,
				52CAA2B42AC1239800AFBEE6 /* InteractiveTableViewCell.xib */,
				52B330B22AC141F400343F2C /* ActorCollectionViewCell.swift */,
				52B330B32AC141F400343F2C /* ActorCollectionViewCell.xib */,
				52B330B82AC1435200343F2C /* ActorViewCell.swift */,
				52B330B92AC1435200343F2C /* ActorViewCell.xib */,
			);
			path = Detail;
			sourceTree = "<group>";
		};
/* End PBXGroup section */

/* Begin PBXNativeTarget section */
		5269F1172AB1BCA4003FEAE3 /* MovieApp */ = {
			isa = PBXNativeTarget;
			buildConfigurationList = 5269F1422AB1BCA7003FEAE3 /* Build configuration list for PBXNativeTarget "MovieApp" */;
			buildPhases = (
				5269F1142AB1BCA4003FEAE3 /* Sources */,
				5269F1152AB1BCA4003FEAE3 /* Frameworks */,
				5269F1162AB1BCA4003FEAE3 /* Resources */,
			);
			buildRules = (
			);
			dependencies = (
			);
			name = MovieApp;
			productName = MovieApp;
			productReference = 5269F1182AB1BCA4003FEAE3 /* MovieApp.app */;
			productType = "com.apple.product-type.application";
		};
		5269F12D2AB1BCA7003FEAE3 /* MovieAppTests */ = {
			isa = PBXNativeTarget;
			buildConfigurationList = 5269F1452AB1BCA7003FEAE3 /* Build configuration list for PBXNativeTarget "MovieAppTests" */;
			buildPhases = (
				5269F12A2AB1BCA7003FEAE3 /* Sources */,
				5269F12B2AB1BCA7003FEAE3 /* Frameworks */,
				5269F12C2AB1BCA7003FEAE3 /* Resources */,
			);
			buildRules = (
			);
			dependencies = (
				5269F1302AB1BCA7003FEAE3 /* PBXTargetDependency */,
			);
			name = MovieAppTests;
			productName = MovieAppTests;
			productReference = 5269F12E2AB1BCA7003FEAE3 /* MovieAppTests.xctest */;
			productType = "com.apple.product-type.bundle.unit-test";
		};
		5269F1372AB1BCA7003FEAE3 /* MovieAppUITests */ = {
			isa = PBXNativeTarget;
			buildConfigurationList = 5269F1482AB1BCA7003FEAE3 /* Build configuration list for PBXNativeTarget "MovieAppUITests" */;
			buildPhases = (
				5269F1342AB1BCA7003FEAE3 /* Sources */,
				5269F1352AB1BCA7003FEAE3 /* Frameworks */,
				5269F1362AB1BCA7003FEAE3 /* Resources */,
			);
			buildRules = (
			);
			dependencies = (
				5269F13A2AB1BCA7003FEAE3 /* PBXTargetDependency */,
			);
			name = MovieAppUITests;
			productName = MovieAppUITests;
			productReference = 5269F1382AB1BCA7003FEAE3 /* MovieAppUITests.xctest */;
			productType = "com.apple.product-type.bundle.ui-testing";
		};
/* End PBXNativeTarget section */

/* Begin PBXProject section */
		5269F1102AB1BCA4003FEAE3 /* Project object */ = {
			isa = PBXProject;
			attributes = {
				BuildIndependentTargetsInParallel = 1;
				LastSwiftUpdateCheck = 1340;
				LastUpgradeCheck = 1340;
				TargetAttributes = {
					5269F1172AB1BCA4003FEAE3 = {
						CreatedOnToolsVersion = 13.4;
					};
					5269F12D2AB1BCA7003FEAE3 = {
						CreatedOnToolsVersion = 13.4;
						TestTargetID = 5269F1172AB1BCA4003FEAE3;
					};
					5269F1372AB1BCA7003FEAE3 = {
						CreatedOnToolsVersion = 13.4;
						TestTargetID = 5269F1172AB1BCA4003FEAE3;
					};
				};
			};
			buildConfigurationList = 5269F1132AB1BCA4003FEAE3 /* Build configuration list for PBXProject "MovieApp" */;
			compatibilityVersion = "Xcode 13.0";
			developmentRegion = en;
			hasScannedForEncodings = 0;
			knownRegions = (
				en,
				Base,
			);
			mainGroup = 5269F10F2AB1BCA4003FEAE3;
			productRefGroup = 5269F1192AB1BCA4003FEAE3 /* Products */;
			projectDirPath = "";
			projectRoot = "";
			targets = (
				5269F1172AB1BCA4003FEAE3 /* MovieApp */,
				5269F12D2AB1BCA7003FEAE3 /* MovieAppTests */,
				5269F1372AB1BCA7003FEAE3 /* MovieAppUITests */,
			);
		};
/* End PBXProject section */

/* Begin PBXResourcesBuildPhase section */
		5269F1162AB1BCA4003FEAE3 /* Resources */ = {
			isa = PBXResourcesBuildPhase;
			buildActionMask = 2147483647;
			files = (
				52B330BB2AC1435200343F2C /* ActorViewCell.xib in Resources */,
				52650F942ABAFB9400402501 /* UpcomingViewController.xib in Resources */,
				52650F892ABAD43C00402501 /* HeaderCell.xib in Resources */,
				5269F1282AB1BCA7003FEAE3 /* LaunchScreen.storyboard in Resources */,
				5269F1252AB1BCA7003FEAE3 /* Assets.xcassets in Resources */,
				5269F1232AB1BCA4003FEAE3 /* Main.storyboard in Resources */,
				52650F872ABAD3BE00402501 /* HomeViewController.xib in Resources */,
				52B330C52AC2A12F00343F2C /* FavouriteCell.xib in Resources */,
				52B330B52AC141F400343F2C /* ActorCollectionViewCell.xib in Resources */,
				52CAA2B62AC1239800AFBEE6 /* InteractiveTableViewCell.xib in Resources */,
				52B330C02AC2A0CB00343F2C /* FavouriteViewController.xib in Resources */,
				524B90642ABC30F70058EAAA /* SearchCell.xib in Resources */,
				52CAA29B2AC112AE00AFBEE6 /* DetailViewController.xib in Resources */,
				524B905F2ABC2FD50058EAAA /* SearchViewController.xib in Resources */,
				52CAA2A02AC1134B00AFBEE6 /* ItemBannerTableViewCell.xib in Resources */,
				52650F9F2ABBC9C800402501 /* ComingSoonCell.xib in Resources */,
			);
			runOnlyForDeploymentPostprocessing = 0;
		};
		5269F12C2AB1BCA7003FEAE3 /* Resources */ = {
			isa = PBXResourcesBuildPhase;
			buildActionMask = 2147483647;
			files = (
			);
			runOnlyForDeploymentPostprocessing = 0;
		};
		5269F1362AB1BCA7003FEAE3 /* Resources */ = {
			isa = PBXResourcesBuildPhase;
			buildActionMask = 2147483647;
			files = (
			);
			runOnlyForDeploymentPostprocessing = 0;
		};
/* End PBXResourcesBuildPhase section */

/* Begin PBXSourcesBuildPhase section */
		5269F1142AB1BCA4003FEAE3 /* Sources */ = {
			isa = PBXSourcesBuildPhase;
			buildActionMask = 2147483647;
			files = (
				52650F832ABA979D00402501 /* TVShow.swift in Sources */,
				52650F0C2AB7F85300402501 /* ApiCaller.swift in Sources */,
				52B330BA2AC1435200343F2C /* ActorViewCell.swift in Sources */,
				52650F7F2ABA7A0600402501 /* DetailViewController.swift in Sources */,
				52650F962ABAFC1300402501 /* UpcomingViewController.swift in Sources */,
				5269F1202AB1BCA4003FEAE3 /* HomeViewController.swift in Sources */,
				52650F9E2ABBC9C800402501 /* ComingSoonCell.swift in Sources */,
				5269F15C2AB2D97E003FEAE3 /* TabBarController.swift in Sources */,
				5269F11C2AB1BCA4003FEAE3 /* AppDelegate.swift in Sources */,
				52B330CB2AC2A52C00343F2C /* CoreDataRepository.swift in Sources */,
				524B90632ABC30F70058EAAA /* SearchCell.swift in Sources */,
				52650F182AB7FB6900402501 /* Utils.swift in Sources */,
				52B8D5E12ABD2F95003F5A5F /* SearchResultsViewController.swift in Sources */,
				5269F1582AB2A6DD003FEAE3 /* FavouriteViewController.swift in Sources */,
				52650F112AB7F8EB00402501 /* Constant.swift in Sources */,
				52650F242AB848D200402501 /* UIViewController.swift in Sources */,
				52B330BD2AC16A0600343F2C /* Actor.swift in Sources */,
				5269F1522AB2A632003FEAE3 /* Youtube.swift in Sources */,
				5269F1AF2AB2F7D6003FEAE3 /* Key.swift in Sources */,
				5269F15C2AB2D97E003FEAE3 /* TabBarController.swift in Sources */,
				5269F11C2AB1BCA4003FEAE3 /* AppDelegate.swift in Sources */,
				52650F362AB97B4000402501 /* UIView.swift in Sources */,
				52CAA29F2AC1134B00AFBEE6 /* ItemBannerTableViewCell.swift in Sources */,
				5269F1AD2AB2F7C0003FEAE3 /* EndPoint.swift in Sources */,
				52650F162AB7FACA00402501 /* MovieCell.swift in Sources */,
				5269F1582AB2A6DD003FEAE3 /* FavouriteViewController.swift in Sources */,
				52B330B42AC141F400343F2C /* ActorCollectionViewCell.swift in Sources */,
				524B905E2ABC2FD50058EAAA /* SearchViewController.swift in Sources */,
				52B330C42AC2A12F00343F2C /* FavouriteCell.swift in Sources */,
				5269F1522AB2A632003FEAE3 /* Youtube.swift in Sources */,
				5269F1502AB2A61F003FEAE3 /* Movie.swift in Sources */,
				5269F11E2AB1BCA4003FEAE3 /* SceneDelegate.swift in Sources */,
				52C5E5942AC2B96D0007C7A9 /* MovieLocal.xcdatamodeld in Sources */,
				52650F142AB7F9CC00402501 /* SectionCell.swift in Sources */,
				52CAA2B52AC1239800AFBEE6 /* InteractiveTableViewCell.swift in Sources */,
				52650F912ABAE3D000402501 /* HeaderView.swift in Sources */,
			);
			runOnlyForDeploymentPostprocessing = 0;
		};
		5269F12A2AB1BCA7003FEAE3 /* Sources */ = {
			isa = PBXSourcesBuildPhase;
			buildActionMask = 2147483647;
			files = (
				52C5E5A32AC5199B0007C7A9 /* FavouriteViewControllerTest.swift in Sources */,
				52C5E5A52AC519B30007C7A9 /* DetailViewControllerTest.swift in Sources */,
				52C5E59F2AC50E540007C7A9 /* HomeViewControllerTest.swift in Sources */,
				52C5E5A12AC5156E0007C7A9 /* UpcomingViewControllerTest.swift in Sources */,
			);
			runOnlyForDeploymentPostprocessing = 0;
		};
		5269F1342AB1BCA7003FEAE3 /* Sources */ = {
			isa = PBXSourcesBuildPhase;
			buildActionMask = 2147483647;
			files = (
				5269F13F2AB1BCA7003FEAE3 /* MovieAppUITestsLaunchTests.swift in Sources */,
				5269F13D2AB1BCA7003FEAE3 /* MovieAppUITests.swift in Sources */,
			);
			runOnlyForDeploymentPostprocessing = 0;
		};
/* End PBXSourcesBuildPhase section */

/* Begin PBXTargetDependency section */
		5269F1302AB1BCA7003FEAE3 /* PBXTargetDependency */ = {
			isa = PBXTargetDependency;
			target = 5269F1172AB1BCA4003FEAE3 /* MovieApp */;
			targetProxy = 5269F12F2AB1BCA7003FEAE3 /* PBXContainerItemProxy */;
		};
		5269F13A2AB1BCA7003FEAE3 /* PBXTargetDependency */ = {
			isa = PBXTargetDependency;
			target = 5269F1172AB1BCA4003FEAE3 /* MovieApp */;
			targetProxy = 5269F1392AB1BCA7003FEAE3 /* PBXContainerItemProxy */;
		};
/* End PBXTargetDependency section */

/* Begin PBXVariantGroup section */
		5269F1212AB1BCA4003FEAE3 /* Main.storyboard */ = {
			isa = PBXVariantGroup;
			children = (
				5269F1222AB1BCA4003FEAE3 /* Base */,
			);
			name = Main.storyboard;
			sourceTree = "<group>";
		};
		5269F1262AB1BCA7003FEAE3 /* LaunchScreen.storyboard */ = {
			isa = PBXVariantGroup;
			children = (
				5269F1272AB1BCA7003FEAE3 /* Base */,
			);
			name = LaunchScreen.storyboard;
			sourceTree = "<group>";
		};
/* End PBXVariantGroup section */

/* Begin XCBuildConfiguration section */
		5269F1402AB1BCA7003FEAE3 /* Debug */ = {
			isa = XCBuildConfiguration;
			buildSettings = {
				ALWAYS_SEARCH_USER_PATHS = NO;
				CLANG_ANALYZER_NONNULL = YES;
				CLANG_ANALYZER_NUMBER_OBJECT_CONVERSION = YES_AGGRESSIVE;
				CLANG_CXX_LANGUAGE_STANDARD = "gnu++17";
				CLANG_ENABLE_MODULES = YES;
				CLANG_ENABLE_OBJC_ARC = YES;
				CLANG_ENABLE_OBJC_WEAK = YES;
				CLANG_WARN_BLOCK_CAPTURE_AUTORELEASING = YES;
				CLANG_WARN_BOOL_CONVERSION = YES;
				CLANG_WARN_COMMA = YES;
				CLANG_WARN_CONSTANT_CONVERSION = YES;
				CLANG_WARN_DEPRECATED_OBJC_IMPLEMENTATIONS = YES;
				CLANG_WARN_DIRECT_OBJC_ISA_USAGE = YES_ERROR;
				CLANG_WARN_DOCUMENTATION_COMMENTS = YES;
				CLANG_WARN_EMPTY_BODY = YES;
				CLANG_WARN_ENUM_CONVERSION = YES;
				CLANG_WARN_INFINITE_RECURSION = YES;
				CLANG_WARN_INT_CONVERSION = YES;
				CLANG_WARN_NON_LITERAL_NULL_CONVERSION = YES;
				CLANG_WARN_OBJC_IMPLICIT_RETAIN_SELF = YES;
				CLANG_WARN_OBJC_LITERAL_CONVERSION = YES;
				CLANG_WARN_OBJC_ROOT_CLASS = YES_ERROR;
				CLANG_WARN_QUOTED_INCLUDE_IN_FRAMEWORK_HEADER = YES;
				CLANG_WARN_RANGE_LOOP_ANALYSIS = YES;
				CLANG_WARN_STRICT_PROTOTYPES = YES;
				CLANG_WARN_SUSPICIOUS_MOVE = YES;
				CLANG_WARN_UNGUARDED_AVAILABILITY = YES_AGGRESSIVE;
				CLANG_WARN_UNREACHABLE_CODE = YES;
				CLANG_WARN__DUPLICATE_METHOD_MATCH = YES;
				COPY_PHASE_STRIP = NO;
				DEBUG_INFORMATION_FORMAT = dwarf;
				ENABLE_STRICT_OBJC_MSGSEND = YES;
				ENABLE_TESTABILITY = YES;
				GCC_C_LANGUAGE_STANDARD = gnu11;
				GCC_DYNAMIC_NO_PIC = NO;
				GCC_NO_COMMON_BLOCKS = YES;
				GCC_OPTIMIZATION_LEVEL = 0;
				GCC_PREPROCESSOR_DEFINITIONS = (
					"DEBUG=1",
					"$(inherited)",
				);
				GCC_WARN_64_TO_32_BIT_CONVERSION = YES;
				GCC_WARN_ABOUT_RETURN_TYPE = YES_ERROR;
				GCC_WARN_UNDECLARED_SELECTOR = YES;
				GCC_WARN_UNINITIALIZED_AUTOS = YES_AGGRESSIVE;
				GCC_WARN_UNUSED_FUNCTION = YES;
				GCC_WARN_UNUSED_VARIABLE = YES;
				IPHONEOS_DEPLOYMENT_TARGET = 15.5;
				MTL_ENABLE_DEBUG_INFO = INCLUDE_SOURCE;
				MTL_FAST_MATH = YES;
				ONLY_ACTIVE_ARCH = YES;
				SDKROOT = iphoneos;
				SWIFT_ACTIVE_COMPILATION_CONDITIONS = DEBUG;
				SWIFT_OPTIMIZATION_LEVEL = "-Onone";
			};
			name = Debug;
		};
		5269F1412AB1BCA7003FEAE3 /* Release */ = {
			isa = XCBuildConfiguration;
			buildSettings = {
				ALWAYS_SEARCH_USER_PATHS = NO;
				CLANG_ANALYZER_NONNULL = YES;
				CLANG_ANALYZER_NUMBER_OBJECT_CONVERSION = YES_AGGRESSIVE;
				CLANG_CXX_LANGUAGE_STANDARD = "gnu++17";
				CLANG_ENABLE_MODULES = YES;
				CLANG_ENABLE_OBJC_ARC = YES;
				CLANG_ENABLE_OBJC_WEAK = YES;
				CLANG_WARN_BLOCK_CAPTURE_AUTORELEASING = YES;
				CLANG_WARN_BOOL_CONVERSION = YES;
				CLANG_WARN_COMMA = YES;
				CLANG_WARN_CONSTANT_CONVERSION = YES;
				CLANG_WARN_DEPRECATED_OBJC_IMPLEMENTATIONS = YES;
				CLANG_WARN_DIRECT_OBJC_ISA_USAGE = YES_ERROR;
				CLANG_WARN_DOCUMENTATION_COMMENTS = YES;
				CLANG_WARN_EMPTY_BODY = YES;
				CLANG_WARN_ENUM_CONVERSION = YES;
				CLANG_WARN_INFINITE_RECURSION = YES;
				CLANG_WARN_INT_CONVERSION = YES;
				CLANG_WARN_NON_LITERAL_NULL_CONVERSION = YES;
				CLANG_WARN_OBJC_IMPLICIT_RETAIN_SELF = YES;
				CLANG_WARN_OBJC_LITERAL_CONVERSION = YES;
				CLANG_WARN_OBJC_ROOT_CLASS = YES_ERROR;
				CLANG_WARN_QUOTED_INCLUDE_IN_FRAMEWORK_HEADER = YES;
				CLANG_WARN_RANGE_LOOP_ANALYSIS = YES;
				CLANG_WARN_STRICT_PROTOTYPES = YES;
				CLANG_WARN_SUSPICIOUS_MOVE = YES;
				CLANG_WARN_UNGUARDED_AVAILABILITY = YES_AGGRESSIVE;
				CLANG_WARN_UNREACHABLE_CODE = YES;
				CLANG_WARN__DUPLICATE_METHOD_MATCH = YES;
				COPY_PHASE_STRIP = NO;
				DEBUG_INFORMATION_FORMAT = "dwarf-with-dsym";
				ENABLE_NS_ASSERTIONS = NO;
				ENABLE_STRICT_OBJC_MSGSEND = YES;
				GCC_C_LANGUAGE_STANDARD = gnu11;
				GCC_NO_COMMON_BLOCKS = YES;
				GCC_WARN_64_TO_32_BIT_CONVERSION = YES;
				GCC_WARN_ABOUT_RETURN_TYPE = YES_ERROR;
				GCC_WARN_UNDECLARED_SELECTOR = YES;
				GCC_WARN_UNINITIALIZED_AUTOS = YES_AGGRESSIVE;
				GCC_WARN_UNUSED_FUNCTION = YES;
				GCC_WARN_UNUSED_VARIABLE = YES;
				IPHONEOS_DEPLOYMENT_TARGET = 15.5;
				MTL_ENABLE_DEBUG_INFO = NO;
				MTL_FAST_MATH = YES;
				SDKROOT = iphoneos;
				SWIFT_COMPILATION_MODE = wholemodule;
				SWIFT_OPTIMIZATION_LEVEL = "-O";
				VALIDATE_PRODUCT = YES;
			};
			name = Release;
		};
		5269F1432AB1BCA7003FEAE3 /* Debug */ = {
			isa = XCBuildConfiguration;
			buildSettings = {
				ASSETCATALOG_COMPILER_APPICON_NAME = AppIcon;
				ASSETCATALOG_COMPILER_GLOBAL_ACCENT_COLOR_NAME = AccentColor;
				CODE_SIGN_STYLE = Automatic;
				CURRENT_PROJECT_VERSION = 1;
				GENERATE_INFOPLIST_FILE = YES;
				INFOPLIST_FILE = MovieApp/Info.plist;
				INFOPLIST_KEY_UIApplicationSupportsIndirectInputEvents = YES;
				INFOPLIST_KEY_UILaunchStoryboardName = LaunchScreen;
				INFOPLIST_KEY_UIMainStoryboardFile = Main;
				INFOPLIST_KEY_UISupportedInterfaceOrientations_iPad = "UIInterfaceOrientationPortrait UIInterfaceOrientationPortraitUpsideDown UIInterfaceOrientationLandscapeLeft UIInterfaceOrientationLandscapeRight";
				INFOPLIST_KEY_UISupportedInterfaceOrientations_iPhone = "UIInterfaceOrientationPortrait UIInterfaceOrientationLandscapeLeft UIInterfaceOrientationLandscapeRight";
				LD_RUNPATH_SEARCH_PATHS = (
					"$(inherited)",
					"@executable_path/Frameworks",
				);
				MARKETING_VERSION = 1.0;
				PRODUCT_BUNDLE_IDENTIFIER = No.MovieApp;
				PRODUCT_NAME = "$(TARGET_NAME)";
				SWIFT_EMIT_LOC_STRINGS = YES;
				SWIFT_VERSION = 5.0;
				TARGETED_DEVICE_FAMILY = "1,2";
			};
			name = Debug;
		};
		5269F1442AB1BCA7003FEAE3 /* Release */ = {
			isa = XCBuildConfiguration;
			buildSettings = {
				ASSETCATALOG_COMPILER_APPICON_NAME = AppIcon;
				ASSETCATALOG_COMPILER_GLOBAL_ACCENT_COLOR_NAME = AccentColor;
				CODE_SIGN_STYLE = Automatic;
				CURRENT_PROJECT_VERSION = 1;
				GENERATE_INFOPLIST_FILE = YES;
				INFOPLIST_FILE = MovieApp/Info.plist;
				INFOPLIST_KEY_UIApplicationSupportsIndirectInputEvents = YES;
				INFOPLIST_KEY_UILaunchStoryboardName = LaunchScreen;
				INFOPLIST_KEY_UIMainStoryboardFile = Main;
				INFOPLIST_KEY_UISupportedInterfaceOrientations_iPad = "UIInterfaceOrientationPortrait UIInterfaceOrientationPortraitUpsideDown UIInterfaceOrientationLandscapeLeft UIInterfaceOrientationLandscapeRight";
				INFOPLIST_KEY_UISupportedInterfaceOrientations_iPhone = "UIInterfaceOrientationPortrait UIInterfaceOrientationLandscapeLeft UIInterfaceOrientationLandscapeRight";
				LD_RUNPATH_SEARCH_PATHS = (
					"$(inherited)",
					"@executable_path/Frameworks",
				);
				MARKETING_VERSION = 1.0;
				PRODUCT_BUNDLE_IDENTIFIER = No.MovieApp;
				PRODUCT_NAME = "$(TARGET_NAME)";
				SWIFT_EMIT_LOC_STRINGS = YES;
				SWIFT_VERSION = 5.0;
				TARGETED_DEVICE_FAMILY = "1,2";
			};
			name = Release;
		};
		5269F1462AB1BCA7003FEAE3 /* Debug */ = {
			isa = XCBuildConfiguration;
			buildSettings = {
				ALWAYS_EMBED_SWIFT_STANDARD_LIBRARIES = YES;
				BUNDLE_LOADER = "$(TEST_HOST)";
				CODE_SIGN_STYLE = Automatic;
				CURRENT_PROJECT_VERSION = 1;
				GENERATE_INFOPLIST_FILE = YES;
				IPHONEOS_DEPLOYMENT_TARGET = 15.5;
				MARKETING_VERSION = 1.0;
				PRODUCT_BUNDLE_IDENTIFIER = No.MovieAppTests;
				PRODUCT_NAME = "$(TARGET_NAME)";
				SWIFT_EMIT_LOC_STRINGS = NO;
				SWIFT_VERSION = 5.0;
				TARGETED_DEVICE_FAMILY = "1,2";
				TEST_HOST = "$(BUILT_PRODUCTS_DIR)/MovieApp.app/MovieApp";
			};
			name = Debug;
		};
		5269F1472AB1BCA7003FEAE3 /* Release */ = {
			isa = XCBuildConfiguration;
			buildSettings = {
				ALWAYS_EMBED_SWIFT_STANDARD_LIBRARIES = YES;
				BUNDLE_LOADER = "$(TEST_HOST)";
				CODE_SIGN_STYLE = Automatic;
				CURRENT_PROJECT_VERSION = 1;
				GENERATE_INFOPLIST_FILE = YES;
				IPHONEOS_DEPLOYMENT_TARGET = 15.5;
				MARKETING_VERSION = 1.0;
				PRODUCT_BUNDLE_IDENTIFIER = No.MovieAppTests;
				PRODUCT_NAME = "$(TARGET_NAME)";
				SWIFT_EMIT_LOC_STRINGS = NO;
				SWIFT_VERSION = 5.0;
				TARGETED_DEVICE_FAMILY = "1,2";
				TEST_HOST = "$(BUILT_PRODUCTS_DIR)/MovieApp.app/MovieApp";
			};
			name = Release;
		};
		5269F1492AB1BCA7003FEAE3 /* Debug */ = {
			isa = XCBuildConfiguration;
			buildSettings = {
				ALWAYS_EMBED_SWIFT_STANDARD_LIBRARIES = YES;
				CODE_SIGN_STYLE = Automatic;
				CURRENT_PROJECT_VERSION = 1;
				GENERATE_INFOPLIST_FILE = YES;
				MARKETING_VERSION = 1.0;
				PRODUCT_BUNDLE_IDENTIFIER = No.MovieAppUITests;
				PRODUCT_NAME = "$(TARGET_NAME)";
				SWIFT_EMIT_LOC_STRINGS = NO;
				SWIFT_VERSION = 5.0;
				TARGETED_DEVICE_FAMILY = "1,2";
				TEST_TARGET_NAME = MovieApp;
			};
			name = Debug;
		};
		5269F14A2AB1BCA7003FEAE3 /* Release */ = {
			isa = XCBuildConfiguration;
			buildSettings = {
				ALWAYS_EMBED_SWIFT_STANDARD_LIBRARIES = YES;
				CODE_SIGN_STYLE = Automatic;
				CURRENT_PROJECT_VERSION = 1;
				GENERATE_INFOPLIST_FILE = YES;
				MARKETING_VERSION = 1.0;
				PRODUCT_BUNDLE_IDENTIFIER = No.MovieAppUITests;
				PRODUCT_NAME = "$(TARGET_NAME)";
				SWIFT_EMIT_LOC_STRINGS = NO;
				SWIFT_VERSION = 5.0;
				TARGETED_DEVICE_FAMILY = "1,2";
				TEST_TARGET_NAME = MovieApp;
			};
			name = Release;
		};
/* End XCBuildConfiguration section */

/* Begin XCConfigurationList section */
		5269F1132AB1BCA4003FEAE3 /* Build configuration list for PBXProject "MovieApp" */ = {
			isa = XCConfigurationList;
			buildConfigurations = (
				5269F1402AB1BCA7003FEAE3 /* Debug */,
				5269F1412AB1BCA7003FEAE3 /* Release */,
			);
			defaultConfigurationIsVisible = 0;
			defaultConfigurationName = Release;
		};
		5269F1422AB1BCA7003FEAE3 /* Build configuration list for PBXNativeTarget "MovieApp" */ = {
			isa = XCConfigurationList;
			buildConfigurations = (
				5269F1432AB1BCA7003FEAE3 /* Debug */,
				5269F1442AB1BCA7003FEAE3 /* Release */,
			);
			defaultConfigurationIsVisible = 0;
			defaultConfigurationName = Release;
		};
		5269F1452AB1BCA7003FEAE3 /* Build configuration list for PBXNativeTarget "MovieAppTests" */ = {
			isa = XCConfigurationList;
			buildConfigurations = (
				5269F1462AB1BCA7003FEAE3 /* Debug */,
				5269F1472AB1BCA7003FEAE3 /* Release */,
			);
			defaultConfigurationIsVisible = 0;
			defaultConfigurationName = Release;
		};
		5269F1482AB1BCA7003FEAE3 /* Build configuration list for PBXNativeTarget "MovieAppUITests" */ = {
			isa = XCConfigurationList;
			buildConfigurations = (
				5269F1492AB1BCA7003FEAE3 /* Debug */,
				5269F14A2AB1BCA7003FEAE3 /* Release */,
			);
			defaultConfigurationIsVisible = 0;
			defaultConfigurationName = Release;
		};
/* End XCConfigurationList section */

/* Begin XCVersionGroup section */
		52C5E5922AC2B96D0007C7A9 /* MovieLocal.xcdatamodeld */ = {
			isa = XCVersionGroup;
			children = (
				52C5E5932AC2B96D0007C7A9 /* MovieLocal.xcdatamodel */,
			);
			currentVersion = 52C5E5932AC2B96D0007C7A9 /* MovieLocal.xcdatamodel */;
			path = MovieLocal.xcdatamodeld;
			sourceTree = "<group>";
			versionGroupType = wrapper.xcdatamodel;
		};
/* End XCVersionGroup section */
	};
	rootObject = 5269F1102AB1BCA4003FEAE3 /* Project object */;
}
